// !$*UTF8*$!
{
	archiveVersion = 1;
	classes = {
	};
	objectVersion = 50;
	objects = {

/* Begin PBXBuildFile section */
		AC0D77C22225CD2B007F83D4 /* Sct.swift in Sources */ = {isa = PBXBuildFile; fileRef = AC0D77C12225CD2B007F83D4 /* Sct.swift */; };
		AC0D77C42225CD60007F83D4 /* SctTopic.swift in Sources */ = {isa = PBXBuildFile; fileRef = AC0D77C32225CD60007F83D4 /* SctTopic.swift */; };
		AC0D77C62225CEFD007F83D4 /* LikertScale.swift in Sources */ = {isa = PBXBuildFile; fileRef = AC0D77C52225CEFD007F83D4 /* LikertScale.swift */; };
		AC0D77C82225D240007F83D4 /* SctHorizontalViewController.swift in Sources */ = {isa = PBXBuildFile; fileRef = AC0D77C72225D240007F83D4 /* SctHorizontalViewController.swift */; };
		AC0D77CA2225D28B007F83D4 /* SctQuestion.swift in Sources */ = {isa = PBXBuildFile; fileRef = AC0D77C92225D28B007F83D4 /* SctQuestion.swift */; };
		AC0D77D02225D7AD007F83D4 /* SctQuestionCell.swift in Sources */ = {isa = PBXBuildFile; fileRef = AC0D77CF2225D7AD007F83D4 /* SctQuestionCell.swift */; };
		AC0D77D22225DD01007F83D4 /* SctPanelAnswer.swift in Sources */ = {isa = PBXBuildFile; fileRef = AC0D77D12225DD01007F83D4 /* SctPanelAnswer.swift */; };
		AC0D77D422281FDD007F83D4 /* SctScaleCell.swift in Sources */ = {isa = PBXBuildFile; fileRef = AC0D77D322281FDD007F83D4 /* SctScaleCell.swift */; };
		AC0D77D62228274D007F83D4 /* Appearance.swift in Sources */ = {isa = PBXBuildFile; fileRef = AC0D77D52228274D007F83D4 /* Appearance.swift */; };
		AC0D77D8222831C5007F83D4 /* SctExam.swift in Sources */ = {isa = PBXBuildFile; fileRef = AC0D77D7222831C5007F83D4 /* SctExam.swift */; };
		AC0D77DA22283330007F83D4 /* SctWordingCell.swift in Sources */ = {isa = PBXBuildFile; fileRef = AC0D77D922283330007F83D4 /* SctWordingCell.swift */; };
		AC0D77DC2228343C007F83D4 /* SctSession.swift in Sources */ = {isa = PBXBuildFile; fileRef = AC0D77DB2228343C007F83D4 /* SctSession.swift */; };
		AC0D77DE22283838007F83D4 /* SctAnswer.swift in Sources */ = {isa = PBXBuildFile; fileRef = AC0D77DD22283838007F83D4 /* SctAnswer.swift */; };
		AC0D77E022283FB6007F83D4 /* SctQuestionCellDelegate.swift in Sources */ = {isa = PBXBuildFile; fileRef = AC0D77DF22283FB6007F83D4 /* SctQuestionCellDelegate.swift */; };
		AC0E4E982236C663003996AF /* DrawingExampleWalkthroughViewController.swift in Sources */ = {isa = PBXBuildFile; fileRef = AC0E4E972236C663003996AF /* DrawingExampleWalkthroughViewController.swift */; };
		AC0E4E9A2236C6CC003996AF /* DrawingExampleWalkthrough.storyboard in Resources */ = {isa = PBXBuildFile; fileRef = AC0E4E992236C6CC003996AF /* DrawingExampleWalkthrough.storyboard */; };
		AC0E4E9E2236E136003996AF /* SctTopicWalkthroughViewController.swift in Sources */ = {isa = PBXBuildFile; fileRef = AC0E4E9D2236E136003996AF /* SctTopicWalkthroughViewController.swift */; };
		AC0E4EA02236E144003996AF /* SctTopicWalkthrough.storyboard in Resources */ = {isa = PBXBuildFile; fileRef = AC0E4E9F2236E144003996AF /* SctTopicWalkthrough.storyboard */; };
		AC0E4EA222370CF3003996AF /* SctStatistics.swift in Sources */ = {isa = PBXBuildFile; fileRef = AC0E4EA122370CF3003996AF /* SctStatistics.swift */; };
		AC0E4EA62237EB84003996AF /* SctDetailViewController.swift in Sources */ = {isa = PBXBuildFile; fileRef = AC0E4EA52237EB84003996AF /* SctDetailViewController.swift */; };
		AC0E4EA92237ECF6003996AF /* SctDetailViewDataSource.swift in Sources */ = {isa = PBXBuildFile; fileRef = AC0E4EA82237ECF6003996AF /* SctDetailViewDataSource.swift */; };
		AC0E4EAB2237FB87003996AF /* SctFinishedViewController.swift in Sources */ = {isa = PBXBuildFile; fileRef = AC0E4EAA2237FB87003996AF /* SctFinishedViewController.swift */; };
		AC0E4EAD223801D5003996AF /* RateStar.swift in Sources */ = {isa = PBXBuildFile; fileRef = AC0E4EAC223801D5003996AF /* RateStar.swift */; };
		AC0E4EB022382995003996AF /* UIBezierPath+star.swift in Sources */ = {isa = PBXBuildFile; fileRef = AC0E4EAF22382995003996AF /* UIBezierPath+star.swift */; };
		AC0E4EB222383A45003996AF /* PartialRateStar.swift in Sources */ = {isa = PBXBuildFile; fileRef = AC0E4EB122383A45003996AF /* PartialRateStar.swift */; };
		AC31E3942235B7B400A3B813 /* Other.storyboard in Resources */ = {isa = PBXBuildFile; fileRef = AC31E3962235B7B400A3B813 /* Other.storyboard */; };
		AC31E39A2235B88B00A3B813 /* DrawingWalkthroughViewController.swift in Sources */ = {isa = PBXBuildFile; fileRef = ACE70F8E221EFB6C008454FF /* DrawingWalkthroughViewController.swift */; };
		AC31E39D2235BAC300A3B813 /* SctScaleCell.xib in Resources */ = {isa = PBXBuildFile; fileRef = AC31E39C2235BAC300A3B813 /* SctScaleCell.xib */; };
		AC31E39F2235BC8500A3B813 /* SctQuestionCell.xib in Resources */ = {isa = PBXBuildFile; fileRef = AC31E39E2235BC8500A3B813 /* SctQuestionCell.xib */; };
		AC31E3A12235BCBA00A3B813 /* SctQuestionHeaderCell.xib in Resources */ = {isa = PBXBuildFile; fileRef = AC31E3A02235BCBA00A3B813 /* SctQuestionHeaderCell.xib */; };
		AC31E3A32235BCC300A3B813 /* SctWordingCell.xib in Resources */ = {isa = PBXBuildFile; fileRef = AC31E3A22235BCC300A3B813 /* SctWordingCell.xib */; };
		AC31E3A52235BE1E00A3B813 /* DrawingWalkthrough.storyboard in Resources */ = {isa = PBXBuildFile; fileRef = AC31E3A42235BE1E00A3B813 /* DrawingWalkthrough.storyboard */; };
		AC372C56223942BE009F1DAD /* SctPerformRateCell.swift in Sources */ = {isa = PBXBuildFile; fileRef = AC372C50223942BE009F1DAD /* SctPerformRateCell.swift */; };
		AC372C57223942BE009F1DAD /* SctDetailViewDelegate.swift in Sources */ = {isa = PBXBuildFile; fileRef = AC372C51223942BE009F1DAD /* SctDetailViewDelegate.swift */; };
		AC372C58223942BE009F1DAD /* SctPerformRateCellDelegate.swift in Sources */ = {isa = PBXBuildFile; fileRef = AC372C52223942BE009F1DAD /* SctPerformRateCellDelegate.swift */; };
		AC372C59223942BE009F1DAD /* SctRateCell.swift in Sources */ = {isa = PBXBuildFile; fileRef = AC372C53223942BE009F1DAD /* SctRateCell.swift */; };
		AC372C5A223942BE009F1DAD /* SctUpdateRateCell.swift in Sources */ = {isa = PBXBuildFile; fileRef = AC372C54223942BE009F1DAD /* SctUpdateRateCell.swift */; };
		AC372C5B223942BE009F1DAD /* SctUpdateRateCellDelegate.swift in Sources */ = {isa = PBXBuildFile; fileRef = AC372C55223942BE009F1DAD /* SctUpdateRateCellDelegate.swift */; };
		AC372C5E223942C7009F1DAD /* SctPerformRateCell.xib in Resources */ = {isa = PBXBuildFile; fileRef = AC372C5C223942C6009F1DAD /* SctPerformRateCell.xib */; };
		AC372C5F223942C7009F1DAD /* SctRateCell.xib in Resources */ = {isa = PBXBuildFile; fileRef = AC372C5D223942C7009F1DAD /* SctRateCell.xib */; };
		AC372C61223942E6009F1DAD /* SctUpdateRateCell.xib in Resources */ = {isa = PBXBuildFile; fileRef = AC372C60223942E6009F1DAD /* SctUpdateRateCell.xib */; };
		AC372C64223947F3009F1DAD /* SctScoreDiagram.swift in Sources */ = {isa = PBXBuildFile; fileRef = AC372C63223947F3009F1DAD /* SctScoreDiagram.swift */; };
		AC38BB60221DE4C9008E829B /* AppDelegate.swift in Sources */ = {isa = PBXBuildFile; fileRef = AC38BB5F221DE4C9008E829B /* AppDelegate.swift */; };
		AC38BB62221DE4C9008E829B /* SctBrowsingViewController.swift in Sources */ = {isa = PBXBuildFile; fileRef = AC38BB61221DE4C9008E829B /* SctBrowsingViewController.swift */; };
		AC38BB65221DE4C9008E829B /* Main.storyboard in Resources */ = {isa = PBXBuildFile; fileRef = AC38BB63221DE4C9008E829B /* Main.storyboard */; };
		AC38BB67221DE4CB008E829B /* Assets.xcassets in Resources */ = {isa = PBXBuildFile; fileRef = AC38BB66221DE4CB008E829B /* Assets.xcassets */; };
		AC38BB6A221DE4CB008E829B /* LaunchScreen.storyboard in Resources */ = {isa = PBXBuildFile; fileRef = AC38BB68221DE4CB008E829B /* LaunchScreen.storyboard */; };
		AC38BB73221DF03F008E829B /* WelcomeWalkthrough.storyboard in Resources */ = {isa = PBXBuildFile; fileRef = AC38BB72221DF03F008E829B /* WelcomeWalkthrough.storyboard */; };
		AC38BB76221DFB2F008E829B /* String+localized.swift in Sources */ = {isa = PBXBuildFile; fileRef = AC38BB75221DFB2F008E829B /* String+localized.swift */; };
		AC38BB78221DFCC4008E829B /* WelcomeWalkthroughViewController.swift in Sources */ = {isa = PBXBuildFile; fileRef = AC38BB77221DFCC4008E829B /* WelcomeWalkthroughViewController.swift */; };
		AC38BB7A221E89C0008E829B /* UIApplication+isFirstLaunch.swift in Sources */ = {isa = PBXBuildFile; fileRef = AC38BB79221E89C0008E829B /* UIApplication+isFirstLaunch.swift */; };
		AC38BB7C221E9C54008E829B /* WelcomeWalkthroughPageViewController.swift in Sources */ = {isa = PBXBuildFile; fileRef = AC38BB7B221E9C54008E829B /* WelcomeWalkthroughPageViewController.swift */; };
		AC38BB80221EA451008E829B /* WelcomeWalkthroughPageViewControllerDelegate.swift in Sources */ = {isa = PBXBuildFile; fileRef = AC38BB7F221EA451008E829B /* WelcomeWalkthroughPageViewControllerDelegate.swift */; };
		AC38BB83221EAA58008E829B /* Localizable.strings in Resources */ = {isa = PBXBuildFile; fileRef = AC38BB85221EAA58008E829B /* Localizable.strings */; };
		AC4904B1222B12A900BDEB4B /* QualificationTopic.swift in Sources */ = {isa = PBXBuildFile; fileRef = AC4904B0222B12A900BDEB4B /* QualificationTopic.swift */; };
		AC4904B4222B238B00BDEB4B /* Login.storyboard in Resources */ = {isa = PBXBuildFile; fileRef = AC4904B6222B238B00BDEB4B /* Login.storyboard */; };
		AC4904B9222B244100BDEB4B /* SctHorizontal.storyboard in Resources */ = {isa = PBXBuildFile; fileRef = AC4904BB222B244100BDEB4B /* SctHorizontal.storyboard */; };
		AC4904BF222B3AAF00BDEB4B /* SecurityQuestion.swift in Sources */ = {isa = PBXBuildFile; fileRef = AC4904BE222B3AAF00BDEB4B /* SecurityQuestion.swift */; };
		AC4904C1222B3C1600BDEB4B /* SecurityQuestionCell.swift in Sources */ = {isa = PBXBuildFile; fileRef = AC4904C0222B3C1600BDEB4B /* SecurityQuestionCell.swift */; };
		AC4904C3222B51F400BDEB4B /* SecurityQuestionPickerViewController.swift in Sources */ = {isa = PBXBuildFile; fileRef = AC4904C2222B51F400BDEB4B /* SecurityQuestionPickerViewController.swift */; };
		AC4904C5222B54E700BDEB4B /* SecurityQuestionPickerViewControllerDelegate.swift in Sources */ = {isa = PBXBuildFile; fileRef = AC4904C4222B54E700BDEB4B /* SecurityQuestionPickerViewControllerDelegate.swift */; };
		AC4904C7222BBE6100BDEB4B /* PasswordPolicy.swift in Sources */ = {isa = PBXBuildFile; fileRef = AC4904C6222BBE6100BDEB4B /* PasswordPolicy.swift */; };
		AC4904C9222BBE7200BDEB4B /* PasswordTrait.swift in Sources */ = {isa = PBXBuildFile; fileRef = AC4904C8222BBE7200BDEB4B /* PasswordTrait.swift */; };
		AC4904CB222BC15A00BDEB4B /* QualificationPickerViewController.swift in Sources */ = {isa = PBXBuildFile; fileRef = AC4904CA222BC15A00BDEB4B /* QualificationPickerViewController.swift */; };
		AC4904CD222BC16B00BDEB4B /* QualificationPickerViewControllerDelegate.swift in Sources */ = {isa = PBXBuildFile; fileRef = AC4904CC222BC16B00BDEB4B /* QualificationPickerViewControllerDelegate.swift */; };
		AC4904CF222C5CC200BDEB4B /* QualificationTopicPickerViewController.swift in Sources */ = {isa = PBXBuildFile; fileRef = AC4904CE222C5CC200BDEB4B /* QualificationTopicPickerViewController.swift */; };
		AC4904D1222C61D600BDEB4B /* QualificationTopicPickerViewControllerDelegate.swift in Sources */ = {isa = PBXBuildFile; fileRef = AC4904D0222C61D600BDEB4B /* QualificationTopicPickerViewControllerDelegate.swift */; };
		AC53E36722329C2700CA4437 /* Constants.swift in Sources */ = {isa = PBXBuildFile; fileRef = AC53E36622329C2700CA4437 /* Constants.swift */; };
		AC53E3692232B2BA00CA4437 /* SctQuestionHeaderCell.swift in Sources */ = {isa = PBXBuildFile; fileRef = AC53E3682232B2BA00CA4437 /* SctQuestionHeaderCell.swift */; };
		AC53E36B2232B75200CA4437 /* UIView+utils.swift in Sources */ = {isa = PBXBuildFile; fileRef = AC53E36A2232B75200CA4437 /* UIView+utils.swift */; };
		AC53E36F2233130700CA4437 /* WalkthroughsViewController.swift in Sources */ = {isa = PBXBuildFile; fileRef = AC53E36E2233130700CA4437 /* WalkthroughsViewController.swift */; };
		AC53E37422331B8500CA4437 /* MySctViewController.swift in Sources */ = {isa = PBXBuildFile; fileRef = AC53E37322331B8500CA4437 /* MySctViewController.swift */; };
		AC53E3762233AD9B00CA4437 /* SctUnfinished.swift in Sources */ = {isa = PBXBuildFile; fileRef = AC53E3752233AD9B00CA4437 /* SctUnfinished.swift */; };
		AC53E3782233AE3100CA4437 /* MySctFinishedCell.swift in Sources */ = {isa = PBXBuildFile; fileRef = AC53E3772233AE3100CA4437 /* MySctFinishedCell.swift */; };
		AC53E37A2233AE3B00CA4437 /* MySctUnfinishedCell.swift in Sources */ = {isa = PBXBuildFile; fileRef = AC53E3792233AE3B00CA4437 /* MySctUnfinishedCell.swift */; };
		AC53E37C2233AF5E00CA4437 /* MySct.storyboard in Resources */ = {isa = PBXBuildFile; fileRef = AC53E37B2233AF5E00CA4437 /* MySct.storyboard */; };
		AC53E37E22345F4500CA4437 /* SctUnfinishedViewController.swift in Sources */ = {isa = PBXBuildFile; fileRef = AC53E37D22345F4500CA4437 /* SctUnfinishedViewController.swift */; };
		AC74B69C223542A000B31571 /* WelcomeWalkthroughContentViewController.swift in Sources */ = {isa = PBXBuildFile; fileRef = AC38BB7D221E9FE1008E829B /* WelcomeWalkthroughContentViewController.swift */; };
		AC74B69E22354B8900B31571 /* WelcomeWalkthroughExampleViewController.swift in Sources */ = {isa = PBXBuildFile; fileRef = AC74B69D22354B8900B31571 /* WelcomeWalkthroughExampleViewController.swift */; };
		AC82731C222C93B90041AA0C /* RecoverPasswordViewController.swift in Sources */ = {isa = PBXBuildFile; fileRef = AC82731B222C93B90041AA0C /* RecoverPasswordViewController.swift */; };
		AC82731E222C96EB0041AA0C /* SecurityQuestionCell.xib in Resources */ = {isa = PBXBuildFile; fileRef = AC82731D222C96EB0041AA0C /* SecurityQuestionCell.xib */; };
		AC87E2F8222CA24000D6B8CC /* UserIdentifierCell.swift in Sources */ = {isa = PBXBuildFile; fileRef = AC87E2F7222CA24000D6B8CC /* UserIdentifierCell.swift */; };
		AC8F5B77222894AB00FAEFC5 /* GoToSctViewController.swift in Sources */ = {isa = PBXBuildFile; fileRef = AC8F5B76222894AB00FAEFC5 /* GoToSctViewController.swift */; };
		AC8F5B792228986000FAEFC5 /* GoToSctViewControllerDelegate.swift in Sources */ = {isa = PBXBuildFile; fileRef = AC8F5B782228986000FAEFC5 /* GoToSctViewControllerDelegate.swift */; };
		AC8F5B7B222899DA00FAEFC5 /* GoToSctCell.swift in Sources */ = {isa = PBXBuildFile; fileRef = AC8F5B7A222899DA00FAEFC5 /* GoToSctCell.swift */; };
		AC8F5B7D22289DC800FAEFC5 /* GoToSctStatusView.swift in Sources */ = {isa = PBXBuildFile; fileRef = AC8F5B7C22289DC800FAEFC5 /* GoToSctStatusView.swift */; };
		AC8F5B7F2229676100FAEFC5 /* OtherViewController.swift in Sources */ = {isa = PBXBuildFile; fileRef = AC8F5B7E2229676100FAEFC5 /* OtherViewController.swift */; };
		AC8F5B822229696000FAEFC5 /* LoginViewController.swift in Sources */ = {isa = PBXBuildFile; fileRef = AC8F5B812229696000FAEFC5 /* LoginViewController.swift */; };
		AC9D150A223ED31A00131490 /* LeaderboardViewController.swift in Sources */ = {isa = PBXBuildFile; fileRef = AC9D1509223ED31A00131490 /* LeaderboardViewController.swift */; };
		AC9F23DE222996C4002D38E5 /* AuthenticationManager.swift in Sources */ = {isa = PBXBuildFile; fileRef = AC9F23DD222996C4002D38E5 /* AuthenticationManager.swift */; };
		AC9F23E022299945002D38E5 /* KeychainPasswordItem.swift in Sources */ = {isa = PBXBuildFile; fileRef = AC9F23DF22299945002D38E5 /* KeychainPasswordItem.swift */; };
		AC9F23E22229D6A4002D38E5 /* ViewController.swift in Sources */ = {isa = PBXBuildFile; fileRef = AC9F23E12229D6A4002D38E5 /* ViewController.swift */; };
		AC9F23E52229D88E002D38E5 /* String+sha2.swift in Sources */ = {isa = PBXBuildFile; fileRef = AC9F23E42229D88E002D38E5 /* String+sha2.swift */; };
		AC9F23E72229D9AA002D38E5 /* String+hex.swift in Sources */ = {isa = PBXBuildFile; fileRef = AC9F23E62229D9AA002D38E5 /* String+hex.swift */; };
		AC9F23E9222A8D4E002D38E5 /* String+random.swift in Sources */ = {isa = PBXBuildFile; fileRef = AC9F23E8222A8D4E002D38E5 /* String+random.swift */; };
		AC9F23EB222A90ED002D38E5 /* SigninViewController.swift in Sources */ = {isa = PBXBuildFile; fileRef = AC9F23EA222A90ED002D38E5 /* SigninViewController.swift */; };
		AC9F23ED222A93F4002D38E5 /* SigninLabelCell.swift in Sources */ = {isa = PBXBuildFile; fileRef = AC9F23EC222A93F4002D38E5 /* SigninLabelCell.swift */; };
		AC9F23EF222B124B002D38E5 /* Qualification.swift in Sources */ = {isa = PBXBuildFile; fileRef = AC9F23EE222B124B002D38E5 /* Qualification.swift */; };
		ACA60F722235CCEF0094881A /* SctViewController.swift in Sources */ = {isa = PBXBuildFile; fileRef = ACA60F712235CCEF0094881A /* SctViewController.swift */; };
		ACA60F742235D2340094881A /* SctViewDataSource.swift in Sources */ = {isa = PBXBuildFile; fileRef = ACA60F732235D2340094881A /* SctViewDataSource.swift */; };
		ACB8C8A822351AE000C7F77C /* SctFinished.swift in Sources */ = {isa = PBXBuildFile; fileRef = ACB8C8A722351AE000C7F77C /* SctFinished.swift */; };
		ACC52C3F223EE57E00B974BA /* CandidateStatistics.swift in Sources */ = {isa = PBXBuildFile; fileRef = ACC52C3E223EE57E00B974BA /* CandidateStatistics.swift */; };
		ACC52C41223EEE6C00B974BA /* CandidateStatisticsCell.swift in Sources */ = {isa = PBXBuildFile; fileRef = ACC52C40223EEE6C00B974BA /* CandidateStatisticsCell.swift */; };
		ACC52C44223EF38200B974BA /* CandidateStatisticsCell.xib in Resources */ = {isa = PBXBuildFile; fileRef = ACC52C46223EF38200B974BA /* CandidateStatisticsCell.xib */; };
		ACC52C4A223EF62C00B974BA /* PeriodLeaderboardViewController.swift in Sources */ = {isa = PBXBuildFile; fileRef = ACC52C49223EF62C00B974BA /* PeriodLeaderboardViewController.swift */; };
		ACC52C4D223EFDCE00B974BA /* ScoreProgressDiagram.swift in Sources */ = {isa = PBXBuildFile; fileRef = ACC52C4C223EFDCE00B974BA /* ScoreProgressDiagram.swift */; };
		ACC52C4F223EFFC300B974BA /* DetailFooter.swift in Sources */ = {isa = PBXBuildFile; fileRef = ACC52C4E223EFFC300B974BA /* DetailFooter.swift */; };
		ACC81AC0223F0D43000990EA /* Period.swift in Sources */ = {isa = PBXBuildFile; fileRef = ACC81ABF223F0D43000990EA /* Period.swift */; };
		ACC81AC2223F0EA3000990EA /* MyProgressViewController.swift in Sources */ = {isa = PBXBuildFile; fileRef = ACC81AC1223F0EA3000990EA /* MyProgressViewController.swift */; };
		ACC81AC422401DC0000990EA /* ProgressCell.swift in Sources */ = {isa = PBXBuildFile; fileRef = ACC81AC322401DC0000990EA /* ProgressCell.swift */; };
		ACC81AC622403EB4000990EA /* ProgressCellDelegate.swift in Sources */ = {isa = PBXBuildFile; fileRef = ACC81AC522403EB4000990EA /* ProgressCellDelegate.swift */; };
		ACC81AC82240470E000990EA /* Progression.swift in Sources */ = {isa = PBXBuildFile; fileRef = ACC81AC72240470E000990EA /* Progression.swift */; };
		ACC81ACA22404A0A000990EA /* ScoreProgressDiagramDataSource.swift in Sources */ = {isa = PBXBuildFile; fileRef = ACC81AC922404A0A000990EA /* ScoreProgressDiagramDataSource.swift */; };
		ACC81ACC22404B59000990EA /* ScoreProgressDiagramDelegate.swift in Sources */ = {isa = PBXBuildFile; fileRef = ACC81ACB22404B59000990EA /* ScoreProgressDiagramDelegate.swift */; };
		ACC81ACE224056E0000990EA /* DashPattern.swift in Sources */ = {isa = PBXBuildFile; fileRef = ACC81ACD224056E0000990EA /* DashPattern.swift */; };
		ACC83F68223D649A0064BE6F /* SctSearchCriterion.swift in Sources */ = {isa = PBXBuildFile; fileRef = ACC83F67223D649A0064BE6F /* SctSearchCriterion.swift */; };
		ACC83F6A223D650D0064BE6F /* QualificationTopicsPickerViewController.swift in Sources */ = {isa = PBXBuildFile; fileRef = ACC83F69223D650D0064BE6F /* QualificationTopicsPickerViewController.swift */; };
		ACC83F6C223D6C590064BE6F /* QualificationTopicsPickerDelegate.swift in Sources */ = {isa = PBXBuildFile; fileRef = ACC83F6B223D6C590064BE6F /* QualificationTopicsPickerDelegate.swift */; };
		ACC83F6E223D70C40064BE6F /* SctSearchCriterionPickerViewController.swift in Sources */ = {isa = PBXBuildFile; fileRef = ACC83F6D223D70C40064BE6F /* SctSearchCriterionPickerViewController.swift */; };
		ACC83F70223D70D30064BE6F /* SctSearchCriterionPickerDelegate.swift in Sources */ = {isa = PBXBuildFile; fileRef = ACC83F6F223D70D30064BE6F /* SctSearchCriterionPickerDelegate.swift */; };
		ACC83F72223DA4CC0064BE6F /* DurationPickerCell.swift in Sources */ = {isa = PBXBuildFile; fileRef = ACC83F71223DA4CC0064BE6F /* DurationPickerCell.swift */; };
		ACC83F74223DB4500064BE6F /* DatePickerViewController.swift in Sources */ = {isa = PBXBuildFile; fileRef = ACC83F73223DB4500064BE6F /* DatePickerViewController.swift */; };
		ACC83F76223DB5DF0064BE6F /* DatePickerDelegate.swift in Sources */ = {isa = PBXBuildFile; fileRef = ACC83F75223DB5DF0064BE6F /* DatePickerDelegate.swift */; };
		ACC83F78223E2A2A0064BE6F /* QuestionsCountCell.swift in Sources */ = {isa = PBXBuildFile; fileRef = ACC83F77223E2A2A0064BE6F /* QuestionsCountCell.swift */; };
		ACC83F7A223E349C0064BE6F /* SctSearchResultViewController.swift in Sources */ = {isa = PBXBuildFile; fileRef = ACC83F79223E349C0064BE6F /* SctSearchResultViewController.swift */; };
		ACC83F7B223E4B5C0064BE6F /* SctBrowsing.storyboard in Resources */ = {isa = PBXBuildFile; fileRef = ACC83F7D223E4B5C0064BE6F /* SctBrowsing.storyboard */; };
		ACC83F82223E516C0064BE6F /* SctsListViewController.swift in Sources */ = {isa = PBXBuildFile; fileRef = ACC83F81223E516C0064BE6F /* SctsListViewController.swift */; };
		ACC83F84223E66DA0064BE6F /* SctLaunchViewController.swift in Sources */ = {isa = PBXBuildFile; fileRef = ACC83F83223E66DA0064BE6F /* SctLaunchViewController.swift */; };
		ACC83F85223E89630064BE6F /* Localizable.stringsdict in Resources */ = {isa = PBXBuildFile; fileRef = ACC83F87223E89630064BE6F /* Localizable.stringsdict */; };
		ACC83F8B223E96E70064BE6F /* Settings.storyboard in Resources */ = {isa = PBXBuildFile; fileRef = ACC83F8A223E96E70064BE6F /* Settings.storyboard */; };
		ACC83F8D223E96F30064BE6F /* SettingsViewController.swift in Sources */ = {isa = PBXBuildFile; fileRef = ACC83F8C223E96F30064BE6F /* SettingsViewController.swift */; };
		ACC83F90223EC3CE0064BE6F /* SctsUnfinishedListViewController.swift in Sources */ = {isa = PBXBuildFile; fileRef = ACC83F8F223EC3CE0064BE6F /* SctsUnfinishedListViewController.swift */; };
		ACC83F92223EC3F80064BE6F /* MySctUnfinishedCell.xib in Resources */ = {isa = PBXBuildFile; fileRef = ACC83F91223EC3F80064BE6F /* MySctUnfinishedCell.xib */; };
		ACC83F94223EC4870064BE6F /* MySctFinishedCell.xib in Resources */ = {isa = PBXBuildFile; fileRef = ACC83F93223EC4870064BE6F /* MySctFinishedCell.xib */; };
		ACC83F96223EC83D0064BE6F /* SctsFinishedListViewController.swift in Sources */ = {isa = PBXBuildFile; fileRef = ACC83F95223EC83D0064BE6F /* SctsFinishedListViewController.swift */; };
		ACD1B39C223BD5590065F07E /* SctScoreDiagramCell.swift in Sources */ = {isa = PBXBuildFile; fileRef = ACD1B39B223BD5590065F07E /* SctScoreDiagramCell.swift */; };
		ACD1B39E223BD5640065F07E /* SctScoreDiagramCell.xib in Resources */ = {isa = PBXBuildFile; fileRef = ACD1B39D223BD5640065F07E /* SctScoreDiagramCell.xib */; };
		ACD1B3A0223BE1320065F07E /* SctSearchViewController.swift in Sources */ = {isa = PBXBuildFile; fileRef = ACD1B39F223BE1320065F07E /* SctSearchViewController.swift */; };
		ACD1B3A4223BF6490065F07E /* UILabel+utils.swift in Sources */ = {isa = PBXBuildFile; fileRef = ACD1B3A3223BF6490065F07E /* UILabel+utils.swift */; };
		ACD1B3A6223BFF580065F07E /* DetailHeader.swift in Sources */ = {isa = PBXBuildFile; fileRef = ACD1B3A5223BFF580065F07E /* DetailHeader.swift */; };
		ACD1B3A8223C42DE0065F07E /* SctLatestPeriodCell.swift in Sources */ = {isa = PBXBuildFile; fileRef = ACD1B3A7223C42DE0065F07E /* SctLatestPeriodCell.swift */; };
		ACD1B3AA223C43AD0065F07E /* SctLatestPeriodCell.xib in Resources */ = {isa = PBXBuildFile; fileRef = ACD1B3A9223C43AD0065F07E /* SctLatestPeriodCell.xib */; };
		ACD1B3AE223C4C730065F07E /* SctLaunchInformation.swift in Sources */ = {isa = PBXBuildFile; fileRef = ACD1B3AD223C4C730065F07E /* SctLaunchInformation.swift */; };
		ACD1B3B0223C510B0065F07E /* SctBrowsingCell.swift in Sources */ = {isa = PBXBuildFile; fileRef = ACD1B3AF223C510B0065F07E /* SctBrowsingCell.swift */; };
		ACD1B3B2223C51B10065F07E /* SctBrowsingCell.xib in Resources */ = {isa = PBXBuildFile; fileRef = ACD1B3B1223C51B10065F07E /* SctBrowsingCell.xib */; };
		ACD1B3B8223D068F0065F07E /* ButtonCell.swift in Sources */ = {isa = PBXBuildFile; fileRef = ACD1B3B7223D068F0065F07E /* ButtonCell.swift */; };
		ACD1B3BA223D06F80065F07E /* ButtonCell.xib in Resources */ = {isa = PBXBuildFile; fileRef = ACD1B3B9223D06F80065F07E /* ButtonCell.xib */; };
		ACDC49A22242171D00B43534 /* String+md5.swift in Sources */ = {isa = PBXBuildFile; fileRef = ACDC49A12242171D00B43534 /* String+md5.swift */; };
		ACDC49A622421D4A00B43534 /* Reachability.swift in Sources */ = {isa = PBXBuildFile; fileRef = ACDC49A522421D4A00B43534 /* Reachability.swift */; };
		ACDC49A8224221F800B43534 /* NetworkStatus.swift in Sources */ = {isa = PBXBuildFile; fileRef = ACDC49A7224221F800B43534 /* NetworkStatus.swift */; };
		ACE70F91221EFBA6008454FF /* UIViewController+storyboardId.swift in Sources */ = {isa = PBXBuildFile; fileRef = ACE70F90221EFBA6008454FF /* UIViewController+storyboardId.swift */; };
		ACE70F93221F214C008454FF /* WeakContainer.swift in Sources */ = {isa = PBXBuildFile; fileRef = ACE70F92221F214C008454FF /* WeakContainer.swift */; };
		ACE70F95221F2439008454FF /* WeakArray.swift in Sources */ = {isa = PBXBuildFile; fileRef = ACE70F94221F2439008454FF /* WeakArray.swift */; };
		ACE70F97221F3254008454FF /* UITableViewCell+utils.swift in Sources */ = {isa = PBXBuildFile; fileRef = ACE70F96221F3254008454FF /* UITableViewCell+utils.swift */; };
		ACE70F99221F32B9008454FF /* UITableView+register.swift in Sources */ = {isa = PBXBuildFile; fileRef = ACE70F98221F32B9008454FF /* UITableView+register.swift */; };
/* End PBXBuildFile section */

/* Begin PBXFileReference section */
		AC0D77C12225CD2B007F83D4 /* Sct.swift */ = {isa = PBXFileReference; lastKnownFileType = sourcecode.swift; path = Sct.swift; sourceTree = "<group>"; };
		AC0D77C32225CD60007F83D4 /* SctTopic.swift */ = {isa = PBXFileReference; lastKnownFileType = sourcecode.swift; path = SctTopic.swift; sourceTree = "<group>"; };
		AC0D77C52225CEFD007F83D4 /* LikertScale.swift */ = {isa = PBXFileReference; lastKnownFileType = sourcecode.swift; path = LikertScale.swift; sourceTree = "<group>"; };
		AC0D77C72225D240007F83D4 /* SctHorizontalViewController.swift */ = {isa = PBXFileReference; lastKnownFileType = sourcecode.swift; path = SctHorizontalViewController.swift; sourceTree = "<group>"; };
		AC0D77C92225D28B007F83D4 /* SctQuestion.swift */ = {isa = PBXFileReference; lastKnownFileType = sourcecode.swift; path = SctQuestion.swift; sourceTree = "<group>"; };
		AC0D77CF2225D7AD007F83D4 /* SctQuestionCell.swift */ = {isa = PBXFileReference; lastKnownFileType = sourcecode.swift; path = SctQuestionCell.swift; sourceTree = "<group>"; };
		AC0D77D12225DD01007F83D4 /* SctPanelAnswer.swift */ = {isa = PBXFileReference; lastKnownFileType = sourcecode.swift; path = SctPanelAnswer.swift; sourceTree = "<group>"; };
		AC0D77D322281FDD007F83D4 /* SctScaleCell.swift */ = {isa = PBXFileReference; lastKnownFileType = sourcecode.swift; path = SctScaleCell.swift; sourceTree = "<group>"; };
		AC0D77D52228274D007F83D4 /* Appearance.swift */ = {isa = PBXFileReference; lastKnownFileType = sourcecode.swift; path = Appearance.swift; sourceTree = "<group>"; };
		AC0D77D7222831C5007F83D4 /* SctExam.swift */ = {isa = PBXFileReference; lastKnownFileType = sourcecode.swift; path = SctExam.swift; sourceTree = "<group>"; };
		AC0D77D922283330007F83D4 /* SctWordingCell.swift */ = {isa = PBXFileReference; lastKnownFileType = sourcecode.swift; path = SctWordingCell.swift; sourceTree = "<group>"; };
		AC0D77DB2228343C007F83D4 /* SctSession.swift */ = {isa = PBXFileReference; lastKnownFileType = sourcecode.swift; path = SctSession.swift; sourceTree = "<group>"; };
		AC0D77DD22283838007F83D4 /* SctAnswer.swift */ = {isa = PBXFileReference; lastKnownFileType = sourcecode.swift; path = SctAnswer.swift; sourceTree = "<group>"; };
		AC0D77DF22283FB6007F83D4 /* SctQuestionCellDelegate.swift */ = {isa = PBXFileReference; lastKnownFileType = sourcecode.swift; path = SctQuestionCellDelegate.swift; sourceTree = "<group>"; };
		AC0E4E972236C663003996AF /* DrawingExampleWalkthroughViewController.swift */ = {isa = PBXFileReference; lastKnownFileType = sourcecode.swift; path = DrawingExampleWalkthroughViewController.swift; sourceTree = "<group>"; };
		AC0E4E992236C6CC003996AF /* DrawingExampleWalkthrough.storyboard */ = {isa = PBXFileReference; lastKnownFileType = file.storyboard; path = DrawingExampleWalkthrough.storyboard; sourceTree = "<group>"; };
		AC0E4E9D2236E136003996AF /* SctTopicWalkthroughViewController.swift */ = {isa = PBXFileReference; lastKnownFileType = sourcecode.swift; path = SctTopicWalkthroughViewController.swift; sourceTree = "<group>"; };
		AC0E4E9F2236E144003996AF /* SctTopicWalkthrough.storyboard */ = {isa = PBXFileReference; lastKnownFileType = file.storyboard; path = SctTopicWalkthrough.storyboard; sourceTree = "<group>"; };
		AC0E4EA122370CF3003996AF /* SctStatistics.swift */ = {isa = PBXFileReference; lastKnownFileType = sourcecode.swift; path = SctStatistics.swift; sourceTree = "<group>"; };
		AC0E4EA422371109003996AF /* fr */ = {isa = PBXFileReference; lastKnownFileType = text.plist.strings; name = fr; path = fr.lproj/Main.strings; sourceTree = "<group>"; };
		AC0E4EA52237EB84003996AF /* SctDetailViewController.swift */ = {isa = PBXFileReference; lastKnownFileType = sourcecode.swift; path = SctDetailViewController.swift; sourceTree = "<group>"; };
		AC0E4EA82237ECF6003996AF /* SctDetailViewDataSource.swift */ = {isa = PBXFileReference; lastKnownFileType = sourcecode.swift; path = SctDetailViewDataSource.swift; sourceTree = "<group>"; };
		AC0E4EAA2237FB87003996AF /* SctFinishedViewController.swift */ = {isa = PBXFileReference; lastKnownFileType = sourcecode.swift; path = SctFinishedViewController.swift; sourceTree = "<group>"; };
		AC0E4EAC223801D5003996AF /* RateStar.swift */ = {isa = PBXFileReference; lastKnownFileType = sourcecode.swift; path = RateStar.swift; sourceTree = "<group>"; };
		AC0E4EAF22382995003996AF /* UIBezierPath+star.swift */ = {isa = PBXFileReference; lastKnownFileType = sourcecode.swift; path = "UIBezierPath+star.swift"; sourceTree = "<group>"; };
		AC0E4EB122383A45003996AF /* PartialRateStar.swift */ = {isa = PBXFileReference; lastKnownFileType = sourcecode.swift; path = PartialRateStar.swift; sourceTree = "<group>"; };
		AC31E3952235B7B400A3B813 /* Base */ = {isa = PBXFileReference; lastKnownFileType = file.storyboard; name = Base; path = Base.lproj/Other.storyboard; sourceTree = "<group>"; };
		AC31E3982235B7B700A3B813 /* fr */ = {isa = PBXFileReference; lastKnownFileType = text.plist.strings; name = fr; path = fr.lproj/Other.strings; sourceTree = "<group>"; };
		AC31E39C2235BAC300A3B813 /* SctScaleCell.xib */ = {isa = PBXFileReference; lastKnownFileType = file.xib; path = SctScaleCell.xib; sourceTree = "<group>"; };
		AC31E39E2235BC8500A3B813 /* SctQuestionCell.xib */ = {isa = PBXFileReference; lastKnownFileType = file.xib; path = SctQuestionCell.xib; sourceTree = "<group>"; };
		AC31E3A02235BCBA00A3B813 /* SctQuestionHeaderCell.xib */ = {isa = PBXFileReference; lastKnownFileType = file.xib; path = SctQuestionHeaderCell.xib; sourceTree = "<group>"; };
		AC31E3A22235BCC300A3B813 /* SctWordingCell.xib */ = {isa = PBXFileReference; lastKnownFileType = file.xib; path = SctWordingCell.xib; sourceTree = "<group>"; };
		AC31E3A42235BE1E00A3B813 /* DrawingWalkthrough.storyboard */ = {isa = PBXFileReference; lastKnownFileType = file.storyboard; path = DrawingWalkthrough.storyboard; sourceTree = "<group>"; };
		AC372C50223942BE009F1DAD /* SctPerformRateCell.swift */ = {isa = PBXFileReference; fileEncoding = 4; lastKnownFileType = sourcecode.swift; path = SctPerformRateCell.swift; sourceTree = "<group>"; };
		AC372C51223942BE009F1DAD /* SctDetailViewDelegate.swift */ = {isa = PBXFileReference; fileEncoding = 4; lastKnownFileType = sourcecode.swift; path = SctDetailViewDelegate.swift; sourceTree = "<group>"; };
		AC372C52223942BE009F1DAD /* SctPerformRateCellDelegate.swift */ = {isa = PBXFileReference; fileEncoding = 4; lastKnownFileType = sourcecode.swift; path = SctPerformRateCellDelegate.swift; sourceTree = "<group>"; };
		AC372C53223942BE009F1DAD /* SctRateCell.swift */ = {isa = PBXFileReference; fileEncoding = 4; lastKnownFileType = sourcecode.swift; path = SctRateCell.swift; sourceTree = "<group>"; };
		AC372C54223942BE009F1DAD /* SctUpdateRateCell.swift */ = {isa = PBXFileReference; fileEncoding = 4; lastKnownFileType = sourcecode.swift; path = SctUpdateRateCell.swift; sourceTree = "<group>"; };
		AC372C55223942BE009F1DAD /* SctUpdateRateCellDelegate.swift */ = {isa = PBXFileReference; fileEncoding = 4; lastKnownFileType = sourcecode.swift; path = SctUpdateRateCellDelegate.swift; sourceTree = "<group>"; };
		AC372C5C223942C6009F1DAD /* SctPerformRateCell.xib */ = {isa = PBXFileReference; fileEncoding = 4; lastKnownFileType = file.xib; path = SctPerformRateCell.xib; sourceTree = "<group>"; };
		AC372C5D223942C7009F1DAD /* SctRateCell.xib */ = {isa = PBXFileReference; fileEncoding = 4; lastKnownFileType = file.xib; path = SctRateCell.xib; sourceTree = "<group>"; };
		AC372C60223942E6009F1DAD /* SctUpdateRateCell.xib */ = {isa = PBXFileReference; fileEncoding = 4; lastKnownFileType = file.xib; path = SctUpdateRateCell.xib; sourceTree = "<group>"; };
		AC372C63223947F3009F1DAD /* SctScoreDiagram.swift */ = {isa = PBXFileReference; lastKnownFileType = sourcecode.swift; path = SctScoreDiagram.swift; sourceTree = "<group>"; };
		AC38BB5C221DE4C9008E829B /* Script_odont.app */ = {isa = PBXFileReference; explicitFileType = wrapper.application; includeInIndex = 0; path = Script_odont.app; sourceTree = BUILT_PRODUCTS_DIR; };
		AC38BB5F221DE4C9008E829B /* AppDelegate.swift */ = {isa = PBXFileReference; lastKnownFileType = sourcecode.swift; path = AppDelegate.swift; sourceTree = "<group>"; };
		AC38BB61221DE4C9008E829B /* SctBrowsingViewController.swift */ = {isa = PBXFileReference; lastKnownFileType = sourcecode.swift; path = SctBrowsingViewController.swift; sourceTree = "<group>"; };
		AC38BB64221DE4C9008E829B /* Base */ = {isa = PBXFileReference; lastKnownFileType = file.storyboard; name = Base; path = Base.lproj/Main.storyboard; sourceTree = "<group>"; };
		AC38BB66221DE4CB008E829B /* Assets.xcassets */ = {isa = PBXFileReference; lastKnownFileType = folder.assetcatalog; path = Assets.xcassets; sourceTree = "<group>"; };
		AC38BB69221DE4CB008E829B /* Base */ = {isa = PBXFileReference; lastKnownFileType = file.storyboard; name = Base; path = Base.lproj/LaunchScreen.storyboard; sourceTree = "<group>"; };
		AC38BB6B221DE4CB008E829B /* Info.plist */ = {isa = PBXFileReference; lastKnownFileType = text.plist.xml; path = Info.plist; sourceTree = "<group>"; };
		AC38BB72221DF03F008E829B /* WelcomeWalkthrough.storyboard */ = {isa = PBXFileReference; lastKnownFileType = file.storyboard; path = WelcomeWalkthrough.storyboard; sourceTree = "<group>"; };
		AC38BB75221DFB2F008E829B /* String+localized.swift */ = {isa = PBXFileReference; lastKnownFileType = sourcecode.swift; path = "String+localized.swift"; sourceTree = "<group>"; };
		AC38BB77221DFCC4008E829B /* WelcomeWalkthroughViewController.swift */ = {isa = PBXFileReference; lastKnownFileType = sourcecode.swift; path = WelcomeWalkthroughViewController.swift; sourceTree = "<group>"; };
		AC38BB79221E89C0008E829B /* UIApplication+isFirstLaunch.swift */ = {isa = PBXFileReference; lastKnownFileType = sourcecode.swift; path = "UIApplication+isFirstLaunch.swift"; sourceTree = "<group>"; };
		AC38BB7B221E9C54008E829B /* WelcomeWalkthroughPageViewController.swift */ = {isa = PBXFileReference; lastKnownFileType = sourcecode.swift; path = WelcomeWalkthroughPageViewController.swift; sourceTree = "<group>"; };
		AC38BB7D221E9FE1008E829B /* WelcomeWalkthroughContentViewController.swift */ = {isa = PBXFileReference; lastKnownFileType = sourcecode.swift; path = WelcomeWalkthroughContentViewController.swift; sourceTree = "<group>"; };
		AC38BB7F221EA451008E829B /* WelcomeWalkthroughPageViewControllerDelegate.swift */ = {isa = PBXFileReference; lastKnownFileType = sourcecode.swift; path = WelcomeWalkthroughPageViewControllerDelegate.swift; sourceTree = "<group>"; };
		AC38BB84221EAA58008E829B /* en */ = {isa = PBXFileReference; lastKnownFileType = text.plist.strings; name = en; path = en.lproj/Localizable.strings; sourceTree = "<group>"; };
		AC38BB86221EAA67008E829B /* fr */ = {isa = PBXFileReference; lastKnownFileType = text.plist.strings; name = fr; path = fr.lproj/Localizable.strings; sourceTree = "<group>"; };
		AC4904B0222B12A900BDEB4B /* QualificationTopic.swift */ = {isa = PBXFileReference; lastKnownFileType = sourcecode.swift; path = QualificationTopic.swift; sourceTree = "<group>"; };
		AC4904B5222B238B00BDEB4B /* Base */ = {isa = PBXFileReference; lastKnownFileType = file.storyboard; name = Base; path = Base.lproj/Login.storyboard; sourceTree = "<group>"; };
		AC4904B8222B238E00BDEB4B /* fr */ = {isa = PBXFileReference; lastKnownFileType = text.plist.strings; name = fr; path = fr.lproj/Login.strings; sourceTree = "<group>"; };
		AC4904BA222B244100BDEB4B /* Base */ = {isa = PBXFileReference; lastKnownFileType = file.storyboard; name = Base; path = Base.lproj/SctHorizontal.storyboard; sourceTree = "<group>"; };
		AC4904BD222B244300BDEB4B /* fr */ = {isa = PBXFileReference; lastKnownFileType = text.plist.strings; name = fr; path = fr.lproj/SctHorizontal.strings; sourceTree = "<group>"; };
		AC4904BE222B3AAF00BDEB4B /* SecurityQuestion.swift */ = {isa = PBXFileReference; lastKnownFileType = sourcecode.swift; path = SecurityQuestion.swift; sourceTree = "<group>"; };
		AC4904C0222B3C1600BDEB4B /* SecurityQuestionCell.swift */ = {isa = PBXFileReference; lastKnownFileType = sourcecode.swift; path = SecurityQuestionCell.swift; sourceTree = "<group>"; };
		AC4904C2222B51F400BDEB4B /* SecurityQuestionPickerViewController.swift */ = {isa = PBXFileReference; lastKnownFileType = sourcecode.swift; path = SecurityQuestionPickerViewController.swift; sourceTree = "<group>"; };
		AC4904C4222B54E700BDEB4B /* SecurityQuestionPickerViewControllerDelegate.swift */ = {isa = PBXFileReference; lastKnownFileType = sourcecode.swift; path = SecurityQuestionPickerViewControllerDelegate.swift; sourceTree = "<group>"; };
		AC4904C6222BBE6100BDEB4B /* PasswordPolicy.swift */ = {isa = PBXFileReference; lastKnownFileType = sourcecode.swift; path = PasswordPolicy.swift; sourceTree = "<group>"; };
		AC4904C8222BBE7200BDEB4B /* PasswordTrait.swift */ = {isa = PBXFileReference; lastKnownFileType = sourcecode.swift; path = PasswordTrait.swift; sourceTree = "<group>"; };
		AC4904CA222BC15A00BDEB4B /* QualificationPickerViewController.swift */ = {isa = PBXFileReference; lastKnownFileType = sourcecode.swift; path = QualificationPickerViewController.swift; sourceTree = "<group>"; };
		AC4904CC222BC16B00BDEB4B /* QualificationPickerViewControllerDelegate.swift */ = {isa = PBXFileReference; lastKnownFileType = sourcecode.swift; path = QualificationPickerViewControllerDelegate.swift; sourceTree = "<group>"; };
		AC4904CE222C5CC200BDEB4B /* QualificationTopicPickerViewController.swift */ = {isa = PBXFileReference; lastKnownFileType = sourcecode.swift; path = QualificationTopicPickerViewController.swift; sourceTree = "<group>"; };
		AC4904D0222C61D600BDEB4B /* QualificationTopicPickerViewControllerDelegate.swift */ = {isa = PBXFileReference; lastKnownFileType = sourcecode.swift; path = QualificationTopicPickerViewControllerDelegate.swift; sourceTree = "<group>"; };
		AC53E36622329C2700CA4437 /* Constants.swift */ = {isa = PBXFileReference; lastKnownFileType = sourcecode.swift; path = Constants.swift; sourceTree = "<group>"; };
		AC53E3682232B2BA00CA4437 /* SctQuestionHeaderCell.swift */ = {isa = PBXFileReference; lastKnownFileType = sourcecode.swift; path = SctQuestionHeaderCell.swift; sourceTree = "<group>"; };
		AC53E36A2232B75200CA4437 /* UIView+utils.swift */ = {isa = PBXFileReference; lastKnownFileType = sourcecode.swift; path = "UIView+utils.swift"; sourceTree = "<group>"; };
		AC53E36E2233130700CA4437 /* WalkthroughsViewController.swift */ = {isa = PBXFileReference; lastKnownFileType = sourcecode.swift; path = WalkthroughsViewController.swift; sourceTree = "<group>"; };
		AC53E37322331B8500CA4437 /* MySctViewController.swift */ = {isa = PBXFileReference; lastKnownFileType = sourcecode.swift; path = MySctViewController.swift; sourceTree = "<group>"; };
		AC53E3752233AD9B00CA4437 /* SctUnfinished.swift */ = {isa = PBXFileReference; lastKnownFileType = sourcecode.swift; path = SctUnfinished.swift; sourceTree = "<group>"; };
		AC53E3772233AE3100CA4437 /* MySctFinishedCell.swift */ = {isa = PBXFileReference; lastKnownFileType = sourcecode.swift; path = MySctFinishedCell.swift; sourceTree = "<group>"; };
		AC53E3792233AE3B00CA4437 /* MySctUnfinishedCell.swift */ = {isa = PBXFileReference; lastKnownFileType = sourcecode.swift; path = MySctUnfinishedCell.swift; sourceTree = "<group>"; };
		AC53E37B2233AF5E00CA4437 /* MySct.storyboard */ = {isa = PBXFileReference; lastKnownFileType = file.storyboard; path = MySct.storyboard; sourceTree = "<group>"; };
		AC53E37D22345F4500CA4437 /* SctUnfinishedViewController.swift */ = {isa = PBXFileReference; lastKnownFileType = sourcecode.swift; path = SctUnfinishedViewController.swift; sourceTree = "<group>"; };
		AC74B69D22354B8900B31571 /* WelcomeWalkthroughExampleViewController.swift */ = {isa = PBXFileReference; lastKnownFileType = sourcecode.swift; path = WelcomeWalkthroughExampleViewController.swift; sourceTree = "<group>"; };
		AC82731B222C93B90041AA0C /* RecoverPasswordViewController.swift */ = {isa = PBXFileReference; lastKnownFileType = sourcecode.swift; path = RecoverPasswordViewController.swift; sourceTree = "<group>"; };
		AC82731D222C96EB0041AA0C /* SecurityQuestionCell.xib */ = {isa = PBXFileReference; lastKnownFileType = file.xib; path = SecurityQuestionCell.xib; sourceTree = "<group>"; };
		AC87E2F7222CA24000D6B8CC /* UserIdentifierCell.swift */ = {isa = PBXFileReference; lastKnownFileType = sourcecode.swift; path = UserIdentifierCell.swift; sourceTree = "<group>"; };
		AC8F5B76222894AB00FAEFC5 /* GoToSctViewController.swift */ = {isa = PBXFileReference; lastKnownFileType = sourcecode.swift; path = GoToSctViewController.swift; sourceTree = "<group>"; };
		AC8F5B782228986000FAEFC5 /* GoToSctViewControllerDelegate.swift */ = {isa = PBXFileReference; lastKnownFileType = sourcecode.swift; path = GoToSctViewControllerDelegate.swift; sourceTree = "<group>"; };
		AC8F5B7A222899DA00FAEFC5 /* GoToSctCell.swift */ = {isa = PBXFileReference; lastKnownFileType = sourcecode.swift; path = GoToSctCell.swift; sourceTree = "<group>"; };
		AC8F5B7C22289DC800FAEFC5 /* GoToSctStatusView.swift */ = {isa = PBXFileReference; lastKnownFileType = sourcecode.swift; path = GoToSctStatusView.swift; sourceTree = "<group>"; };
		AC8F5B7E2229676100FAEFC5 /* OtherViewController.swift */ = {isa = PBXFileReference; lastKnownFileType = sourcecode.swift; path = OtherViewController.swift; sourceTree = "<group>"; };
		AC8F5B812229696000FAEFC5 /* LoginViewController.swift */ = {isa = PBXFileReference; lastKnownFileType = sourcecode.swift; path = LoginViewController.swift; sourceTree = "<group>"; };
		AC9D1509223ED31A00131490 /* LeaderboardViewController.swift */ = {isa = PBXFileReference; lastKnownFileType = sourcecode.swift; path = LeaderboardViewController.swift; sourceTree = "<group>"; };
		AC9F23DD222996C4002D38E5 /* AuthenticationManager.swift */ = {isa = PBXFileReference; lastKnownFileType = sourcecode.swift; path = AuthenticationManager.swift; sourceTree = "<group>"; };
		AC9F23DF22299945002D38E5 /* KeychainPasswordItem.swift */ = {isa = PBXFileReference; lastKnownFileType = sourcecode.swift; path = KeychainPasswordItem.swift; sourceTree = "<group>"; };
		AC9F23E12229D6A4002D38E5 /* ViewController.swift */ = {isa = PBXFileReference; lastKnownFileType = sourcecode.swift; path = ViewController.swift; sourceTree = "<group>"; };
		AC9F23E42229D88E002D38E5 /* String+sha2.swift */ = {isa = PBXFileReference; lastKnownFileType = sourcecode.swift; path = "String+sha2.swift"; sourceTree = "<group>"; };
		AC9F23E62229D9AA002D38E5 /* String+hex.swift */ = {isa = PBXFileReference; lastKnownFileType = sourcecode.swift; path = "String+hex.swift"; sourceTree = "<group>"; };
		AC9F23E8222A8D4E002D38E5 /* String+random.swift */ = {isa = PBXFileReference; lastKnownFileType = sourcecode.swift; path = "String+random.swift"; sourceTree = "<group>"; };
		AC9F23EA222A90ED002D38E5 /* SigninViewController.swift */ = {isa = PBXFileReference; lastKnownFileType = sourcecode.swift; path = SigninViewController.swift; sourceTree = "<group>"; };
		AC9F23EC222A93F4002D38E5 /* SigninLabelCell.swift */ = {isa = PBXFileReference; lastKnownFileType = sourcecode.swift; path = SigninLabelCell.swift; sourceTree = "<group>"; };
		AC9F23EE222B124B002D38E5 /* Qualification.swift */ = {isa = PBXFileReference; lastKnownFileType = sourcecode.swift; path = Qualification.swift; sourceTree = "<group>"; };
		ACA60F712235CCEF0094881A /* SctViewController.swift */ = {isa = PBXFileReference; lastKnownFileType = sourcecode.swift; path = SctViewController.swift; sourceTree = "<group>"; };
		ACA60F732235D2340094881A /* SctViewDataSource.swift */ = {isa = PBXFileReference; lastKnownFileType = sourcecode.swift; path = SctViewDataSource.swift; sourceTree = "<group>"; };
		ACB8C8A722351AE000C7F77C /* SctFinished.swift */ = {isa = PBXFileReference; lastKnownFileType = sourcecode.swift; path = SctFinished.swift; sourceTree = "<group>"; };
		ACC52C3E223EE57E00B974BA /* CandidateStatistics.swift */ = {isa = PBXFileReference; lastKnownFileType = sourcecode.swift; path = CandidateStatistics.swift; sourceTree = "<group>"; };
		ACC52C40223EEE6C00B974BA /* CandidateStatisticsCell.swift */ = {isa = PBXFileReference; lastKnownFileType = sourcecode.swift; path = CandidateStatisticsCell.swift; sourceTree = "<group>"; };
		ACC52C45223EF38200B974BA /* Base */ = {isa = PBXFileReference; lastKnownFileType = file.xib; name = Base; path = Base.lproj/CandidateStatisticsCell.xib; sourceTree = "<group>"; };
		ACC52C48223EF38500B974BA /* fr */ = {isa = PBXFileReference; lastKnownFileType = text.plist.strings; name = fr; path = fr.lproj/CandidateStatisticsCell.strings; sourceTree = "<group>"; };
		ACC52C49223EF62C00B974BA /* PeriodLeaderboardViewController.swift */ = {isa = PBXFileReference; lastKnownFileType = sourcecode.swift; path = PeriodLeaderboardViewController.swift; sourceTree = "<group>"; };
		ACC52C4C223EFDCE00B974BA /* ScoreProgressDiagram.swift */ = {isa = PBXFileReference; lastKnownFileType = sourcecode.swift; path = ScoreProgressDiagram.swift; sourceTree = "<group>"; };
		ACC52C4E223EFFC300B974BA /* DetailFooter.swift */ = {isa = PBXFileReference; lastKnownFileType = sourcecode.swift; path = DetailFooter.swift; sourceTree = "<group>"; };
		ACC81ABF223F0D43000990EA /* Period.swift */ = {isa = PBXFileReference; lastKnownFileType = sourcecode.swift; path = Period.swift; sourceTree = "<group>"; };
		ACC81AC1223F0EA3000990EA /* MyProgressViewController.swift */ = {isa = PBXFileReference; lastKnownFileType = sourcecode.swift; path = MyProgressViewController.swift; sourceTree = "<group>"; };
		ACC81AC322401DC0000990EA /* ProgressCell.swift */ = {isa = PBXFileReference; lastKnownFileType = sourcecode.swift; path = ProgressCell.swift; sourceTree = "<group>"; };
		ACC81AC522403EB4000990EA /* ProgressCellDelegate.swift */ = {isa = PBXFileReference; lastKnownFileType = sourcecode.swift; path = ProgressCellDelegate.swift; sourceTree = "<group>"; };
		ACC81AC72240470E000990EA /* Progression.swift */ = {isa = PBXFileReference; lastKnownFileType = sourcecode.swift; path = Progression.swift; sourceTree = "<group>"; };
		ACC81AC922404A0A000990EA /* ScoreProgressDiagramDataSource.swift */ = {isa = PBXFileReference; lastKnownFileType = sourcecode.swift; path = ScoreProgressDiagramDataSource.swift; sourceTree = "<group>"; };
		ACC81ACB22404B59000990EA /* ScoreProgressDiagramDelegate.swift */ = {isa = PBXFileReference; lastKnownFileType = sourcecode.swift; path = ScoreProgressDiagramDelegate.swift; sourceTree = "<group>"; };
		ACC81ACD224056E0000990EA /* DashPattern.swift */ = {isa = PBXFileReference; lastKnownFileType = sourcecode.swift; path = DashPattern.swift; sourceTree = "<group>"; };
		ACC83F67223D649A0064BE6F /* SctSearchCriterion.swift */ = {isa = PBXFileReference; lastKnownFileType = sourcecode.swift; path = SctSearchCriterion.swift; sourceTree = "<group>"; };
		ACC83F69223D650D0064BE6F /* QualificationTopicsPickerViewController.swift */ = {isa = PBXFileReference; lastKnownFileType = sourcecode.swift; path = QualificationTopicsPickerViewController.swift; sourceTree = "<group>"; };
		ACC83F6B223D6C590064BE6F /* QualificationTopicsPickerDelegate.swift */ = {isa = PBXFileReference; lastKnownFileType = sourcecode.swift; path = QualificationTopicsPickerDelegate.swift; sourceTree = "<group>"; };
		ACC83F6D223D70C40064BE6F /* SctSearchCriterionPickerViewController.swift */ = {isa = PBXFileReference; lastKnownFileType = sourcecode.swift; path = SctSearchCriterionPickerViewController.swift; sourceTree = "<group>"; };
		ACC83F6F223D70D30064BE6F /* SctSearchCriterionPickerDelegate.swift */ = {isa = PBXFileReference; lastKnownFileType = sourcecode.swift; path = SctSearchCriterionPickerDelegate.swift; sourceTree = "<group>"; };
		ACC83F71223DA4CC0064BE6F /* DurationPickerCell.swift */ = {isa = PBXFileReference; lastKnownFileType = sourcecode.swift; path = DurationPickerCell.swift; sourceTree = "<group>"; };
		ACC83F73223DB4500064BE6F /* DatePickerViewController.swift */ = {isa = PBXFileReference; lastKnownFileType = sourcecode.swift; path = DatePickerViewController.swift; sourceTree = "<group>"; };
		ACC83F75223DB5DF0064BE6F /* DatePickerDelegate.swift */ = {isa = PBXFileReference; lastKnownFileType = sourcecode.swift; path = DatePickerDelegate.swift; sourceTree = "<group>"; };
		ACC83F77223E2A2A0064BE6F /* QuestionsCountCell.swift */ = {isa = PBXFileReference; lastKnownFileType = sourcecode.swift; path = QuestionsCountCell.swift; sourceTree = "<group>"; };
		ACC83F79223E349C0064BE6F /* SctSearchResultViewController.swift */ = {isa = PBXFileReference; lastKnownFileType = sourcecode.swift; path = SctSearchResultViewController.swift; sourceTree = "<group>"; };
		ACC83F7C223E4B5C0064BE6F /* Base */ = {isa = PBXFileReference; lastKnownFileType = file.storyboard; name = Base; path = Base.lproj/SctBrowsing.storyboard; sourceTree = "<group>"; };
		ACC83F7F223E4B600064BE6F /* fr */ = {isa = PBXFileReference; lastKnownFileType = text.plist.strings; name = fr; path = fr.lproj/SctBrowsing.strings; sourceTree = "<group>"; };
		ACC83F81223E516C0064BE6F /* SctsListViewController.swift */ = {isa = PBXFileReference; lastKnownFileType = sourcecode.swift; path = SctsListViewController.swift; sourceTree = "<group>"; };
		ACC83F83223E66DA0064BE6F /* SctLaunchViewController.swift */ = {isa = PBXFileReference; lastKnownFileType = sourcecode.swift; path = SctLaunchViewController.swift; sourceTree = "<group>"; };
		ACC83F86223E89630064BE6F /* en */ = {isa = PBXFileReference; lastKnownFileType = text.plist.stringsdict; name = en; path = en.lproj/Localizable.stringsdict; sourceTree = "<group>"; };
		ACC83F88223E89640064BE6F /* fr */ = {isa = PBXFileReference; lastKnownFileType = text.plist.stringsdict; name = fr; path = fr.lproj/Localizable.stringsdict; sourceTree = "<group>"; };
		ACC83F8A223E96E70064BE6F /* Settings.storyboard */ = {isa = PBXFileReference; lastKnownFileType = file.storyboard; path = Settings.storyboard; sourceTree = "<group>"; };
		ACC83F8C223E96F30064BE6F /* SettingsViewController.swift */ = {isa = PBXFileReference; lastKnownFileType = sourcecode.swift; path = SettingsViewController.swift; sourceTree = "<group>"; };
		ACC83F8F223EC3CE0064BE6F /* SctsUnfinishedListViewController.swift */ = {isa = PBXFileReference; lastKnownFileType = sourcecode.swift; path = SctsUnfinishedListViewController.swift; sourceTree = "<group>"; };
		ACC83F91223EC3F80064BE6F /* MySctUnfinishedCell.xib */ = {isa = PBXFileReference; lastKnownFileType = file.xib; path = MySctUnfinishedCell.xib; sourceTree = "<group>"; };
		ACC83F93223EC4870064BE6F /* MySctFinishedCell.xib */ = {isa = PBXFileReference; lastKnownFileType = file.xib; path = MySctFinishedCell.xib; sourceTree = "<group>"; };
		ACC83F95223EC83D0064BE6F /* SctsFinishedListViewController.swift */ = {isa = PBXFileReference; lastKnownFileType = sourcecode.swift; path = SctsFinishedListViewController.swift; sourceTree = "<group>"; };
		ACD1B39B223BD5590065F07E /* SctScoreDiagramCell.swift */ = {isa = PBXFileReference; lastKnownFileType = sourcecode.swift; path = SctScoreDiagramCell.swift; sourceTree = "<group>"; };
		ACD1B39D223BD5640065F07E /* SctScoreDiagramCell.xib */ = {isa = PBXFileReference; lastKnownFileType = file.xib; path = SctScoreDiagramCell.xib; sourceTree = "<group>"; };
		ACD1B39F223BE1320065F07E /* SctSearchViewController.swift */ = {isa = PBXFileReference; lastKnownFileType = sourcecode.swift; path = SctSearchViewController.swift; sourceTree = "<group>"; };
		ACD1B3A3223BF6490065F07E /* UILabel+utils.swift */ = {isa = PBXFileReference; lastKnownFileType = sourcecode.swift; path = "UILabel+utils.swift"; sourceTree = "<group>"; };
		ACD1B3A5223BFF580065F07E /* DetailHeader.swift */ = {isa = PBXFileReference; lastKnownFileType = sourcecode.swift; path = DetailHeader.swift; sourceTree = "<group>"; };
		ACD1B3A7223C42DE0065F07E /* SctLatestPeriodCell.swift */ = {isa = PBXFileReference; lastKnownFileType = sourcecode.swift; path = SctLatestPeriodCell.swift; sourceTree = "<group>"; };
		ACD1B3A9223C43AD0065F07E /* SctLatestPeriodCell.xib */ = {isa = PBXFileReference; lastKnownFileType = file.xib; path = SctLatestPeriodCell.xib; sourceTree = "<group>"; };
		ACD1B3AD223C4C730065F07E /* SctLaunchInformation.swift */ = {isa = PBXFileReference; lastKnownFileType = sourcecode.swift; path = SctLaunchInformation.swift; sourceTree = "<group>"; };
		ACD1B3AF223C510B0065F07E /* SctBrowsingCell.swift */ = {isa = PBXFileReference; lastKnownFileType = sourcecode.swift; path = SctBrowsingCell.swift; sourceTree = "<group>"; };
		ACD1B3B1223C51B10065F07E /* SctBrowsingCell.xib */ = {isa = PBXFileReference; lastKnownFileType = file.xib; path = SctBrowsingCell.xib; sourceTree = "<group>"; };
		ACD1B3B7223D068F0065F07E /* ButtonCell.swift */ = {isa = PBXFileReference; lastKnownFileType = sourcecode.swift; path = ButtonCell.swift; sourceTree = "<group>"; };
		ACD1B3B9223D06F80065F07E /* ButtonCell.xib */ = {isa = PBXFileReference; lastKnownFileType = file.xib; path = ButtonCell.xib; sourceTree = "<group>"; };
		ACDC49A12242171D00B43534 /* String+md5.swift */ = {isa = PBXFileReference; lastKnownFileType = sourcecode.swift; path = "String+md5.swift"; sourceTree = "<group>"; };
		ACDC49A522421D4A00B43534 /* Reachability.swift */ = {isa = PBXFileReference; lastKnownFileType = sourcecode.swift; path = Reachability.swift; sourceTree = "<group>"; };
		ACDC49A7224221F800B43534 /* NetworkStatus.swift */ = {isa = PBXFileReference; fileEncoding = 4; lastKnownFileType = sourcecode.swift; path = NetworkStatus.swift; sourceTree = "<group>"; };
		ACE70F8E221EFB6C008454FF /* DrawingWalkthroughViewController.swift */ = {isa = PBXFileReference; lastKnownFileType = sourcecode.swift; path = DrawingWalkthroughViewController.swift; sourceTree = "<group>"; };
		ACE70F90221EFBA6008454FF /* UIViewController+storyboardId.swift */ = {isa = PBXFileReference; lastKnownFileType = sourcecode.swift; path = "UIViewController+storyboardId.swift"; sourceTree = "<group>"; };
		ACE70F92221F214C008454FF /* WeakContainer.swift */ = {isa = PBXFileReference; lastKnownFileType = sourcecode.swift; path = WeakContainer.swift; sourceTree = "<group>"; };
		ACE70F94221F2439008454FF /* WeakArray.swift */ = {isa = PBXFileReference; lastKnownFileType = sourcecode.swift; path = WeakArray.swift; sourceTree = "<group>"; };
		ACE70F96221F3254008454FF /* UITableViewCell+utils.swift */ = {isa = PBXFileReference; lastKnownFileType = sourcecode.swift; path = "UITableViewCell+utils.swift"; sourceTree = "<group>"; };
		ACE70F98221F32B9008454FF /* UITableView+register.swift */ = {isa = PBXFileReference; lastKnownFileType = sourcecode.swift; path = "UITableView+register.swift"; sourceTree = "<group>"; };
/* End PBXFileReference section */

/* Begin PBXFrameworksBuildPhase section */
		AC38BB59221DE4C9008E829B /* Frameworks */ = {
			isa = PBXFrameworksBuildPhase;
			buildActionMask = 2147483647;
			files = (
			);
			runOnlyForDeploymentPostprocessing = 0;
		};
/* End PBXFrameworksBuildPhase section */

/* Begin PBXGroup section */
		AC0D77BF2225CD11007F83D4 /* Core */ = {
			isa = PBXGroup;
			children = (
				AC0D77C12225CD2B007F83D4 /* Sct.swift */,
				AC0D77D7222831C5007F83D4 /* SctExam.swift */,
				AC0D77DD22283838007F83D4 /* SctAnswer.swift */,
				AC0D77DB2228343C007F83D4 /* SctSession.swift */,
				AC0D77D12225DD01007F83D4 /* SctPanelAnswer.swift */,
				AC0D77C92225D28B007F83D4 /* SctQuestion.swift */,
				AC0D77C32225CD60007F83D4 /* SctTopic.swift */,
				AC0D77C52225CEFD007F83D4 /* LikertScale.swift */,
				AC9F23EE222B124B002D38E5 /* Qualification.swift */,
				AC4904B0222B12A900BDEB4B /* QualificationTopic.swift */,
				AC4904BE222B3AAF00BDEB4B /* SecurityQuestion.swift */,
				AC53E3752233AD9B00CA4437 /* SctUnfinished.swift */,
				ACB8C8A722351AE000C7F77C /* SctFinished.swift */,
				AC0E4EA122370CF3003996AF /* SctStatistics.swift */,
				ACD1B3AD223C4C730065F07E /* SctLaunchInformation.swift */,
				ACC52C3E223EE57E00B974BA /* CandidateStatistics.swift */,
				ACC81AC72240470E000990EA /* Progression.swift */,
				ACC81ABF223F0D43000990EA /* Period.swift */,
			);
			path = Core;
			sourceTree = "<group>";
		};
		AC0D77C02225CD1A007F83D4 /* Graphics */ = {
			isa = PBXGroup;
			children = (
				AC0E4EAE223826EA003996AF /* Star */,
				ACC83F8E223E99090064BE6F /* DetailHeader */,
				AC31E39B2235B96600A3B813 /* Sct */,
				AC0E4EA72237EB9F003996AF /* SctDetail */,
				AC372C62223947D9009F1DAD /* SctScoreDiagram */,
				ACC52C4B223EFDB200B974BA /* ScoreProgressDiagram */,
				AC8F5B802229694C00FAEFC5 /* Authentification */,
				AC38BB71221DF021008E829B /* Walkthrough */,
				ACB8C8A92235211F00C7F77C /* SctBrowsing */,
				AC53E37222331B5600CA4437 /* MySct */,
				AC53E36C2233128D00CA4437 /* SctHorizontal */,
				ACC83F89223E96D50064BE6F /* Settings */,
				AC53E36D223312D600CA4437 /* Other */,
				AC0D77D52228274D007F83D4 /* Appearance.swift */,
				ACD1B3B7223D068F0065F07E /* ButtonCell.swift */,
				ACD1B3B9223D06F80065F07E /* ButtonCell.xib */,
				ACC81ACD224056E0000990EA /* DashPattern.swift */,
			);
			path = Graphics;
			sourceTree = "<group>";
		};
		AC0E4E962236C63D003996AF /* DrawingExample */ = {
			isa = PBXGroup;
			children = (
				AC0E4E972236C663003996AF /* DrawingExampleWalkthroughViewController.swift */,
				AC0E4E992236C6CC003996AF /* DrawingExampleWalkthrough.storyboard */,
			);
			path = DrawingExample;
			sourceTree = "<group>";
		};
		AC0E4E9C2236E110003996AF /* SctTopic */ = {
			isa = PBXGroup;
			children = (
				AC0E4E9D2236E136003996AF /* SctTopicWalkthroughViewController.swift */,
				AC0E4E9F2236E144003996AF /* SctTopicWalkthrough.storyboard */,
			);
			path = SctTopic;
			sourceTree = "<group>";
		};
		AC0E4EA72237EB9F003996AF /* SctDetail */ = {
			isa = PBXGroup;
			children = (
				AC0E4EA52237EB84003996AF /* SctDetailViewController.swift */,
				AC0E4EA82237ECF6003996AF /* SctDetailViewDataSource.swift */,
				AC372C51223942BE009F1DAD /* SctDetailViewDelegate.swift */,
				AC372C52223942BE009F1DAD /* SctPerformRateCellDelegate.swift */,
				AC372C53223942BE009F1DAD /* SctRateCell.swift */,
				AC372C5D223942C7009F1DAD /* SctRateCell.xib */,
				AC372C50223942BE009F1DAD /* SctPerformRateCell.swift */,
				AC372C5C223942C6009F1DAD /* SctPerformRateCell.xib */,
				AC372C54223942BE009F1DAD /* SctUpdateRateCell.swift */,
				AC372C55223942BE009F1DAD /* SctUpdateRateCellDelegate.swift */,
				AC372C60223942E6009F1DAD /* SctUpdateRateCell.xib */,
				ACD1B39B223BD5590065F07E /* SctScoreDiagramCell.swift */,
				ACD1B39D223BD5640065F07E /* SctScoreDiagramCell.xib */,
			);
			path = SctDetail;
			sourceTree = "<group>";
		};
		AC0E4EAE223826EA003996AF /* Star */ = {
			isa = PBXGroup;
			children = (
				AC0E4EAC223801D5003996AF /* RateStar.swift */,
				AC0E4EB122383A45003996AF /* PartialRateStar.swift */,
				AC0E4EAF22382995003996AF /* UIBezierPath+star.swift */,
			);
			path = Star;
			sourceTree = "<group>";
		};
		AC31E3992235B83500A3B813 /* Drawing */ = {
			isa = PBXGroup;
			children = (
				ACE70F8E221EFB6C008454FF /* DrawingWalkthroughViewController.swift */,
				AC31E3A42235BE1E00A3B813 /* DrawingWalkthrough.storyboard */,
			);
			path = Drawing;
			sourceTree = "<group>";
		};
		AC31E39B2235B96600A3B813 /* Sct */ = {
			isa = PBXGroup;
			children = (
				AC0D77D922283330007F83D4 /* SctWordingCell.swift */,
				AC31E3A22235BCC300A3B813 /* SctWordingCell.xib */,
				AC53E3682232B2BA00CA4437 /* SctQuestionHeaderCell.swift */,
				AC31E3A02235BCBA00A3B813 /* SctQuestionHeaderCell.xib */,
				AC0D77CF2225D7AD007F83D4 /* SctQuestionCell.swift */,
				AC31E39E2235BC8500A3B813 /* SctQuestionCell.xib */,
				AC0D77DF22283FB6007F83D4 /* SctQuestionCellDelegate.swift */,
				AC0D77D322281FDD007F83D4 /* SctScaleCell.swift */,
				AC31E39C2235BAC300A3B813 /* SctScaleCell.xib */,
				ACA60F712235CCEF0094881A /* SctViewController.swift */,
				ACA60F732235D2340094881A /* SctViewDataSource.swift */,
			);
			path = Sct;
			sourceTree = "<group>";
		};
		AC372C62223947D9009F1DAD /* SctScoreDiagram */ = {
			isa = PBXGroup;
			children = (
				AC372C63223947F3009F1DAD /* SctScoreDiagram.swift */,
			);
			path = SctScoreDiagram;
			sourceTree = "<group>";
		};
		AC38BB53221DE4C9008E829B = {
			isa = PBXGroup;
			children = (
				AC38BB5E221DE4C9008E829B /* Script_odont */,
				AC38BB5D221DE4C9008E829B /* Products */,
			);
			sourceTree = "<group>";
		};
		AC38BB5D221DE4C9008E829B /* Products */ = {
			isa = PBXGroup;
			children = (
				AC38BB5C221DE4C9008E829B /* Script_odont.app */,
			);
			name = Products;
			sourceTree = "<group>";
		};
		AC38BB5E221DE4C9008E829B /* Script_odont */ = {
			isa = PBXGroup;
			children = (
				AC0D77BF2225CD11007F83D4 /* Core */,
				AC0D77C02225CD1A007F83D4 /* Graphics */,
				AC38BB74221DFB1E008E829B /* Utils */,
				AC38BB5F221DE4C9008E829B /* AppDelegate.swift */,
				AC9F23E12229D6A4002D38E5 /* ViewController.swift */,
				AC38BB63221DE4C9008E829B /* Main.storyboard */,
				AC38BB66221DE4CB008E829B /* Assets.xcassets */,
				AC38BB68221DE4CB008E829B /* LaunchScreen.storyboard */,
				AC38BB85221EAA58008E829B /* Localizable.strings */,
				ACC83F87223E89630064BE6F /* Localizable.stringsdict */,
				AC38BB6B221DE4CB008E829B /* Info.plist */,
			);
			path = Script_odont;
			sourceTree = "<group>";
		};
		AC38BB71221DF021008E829B /* Walkthrough */ = {
			isa = PBXGroup;
			children = (
				AC74B69B22353DE900B31571 /* Welcome */,
				AC31E3992235B83500A3B813 /* Drawing */,
				AC0E4E962236C63D003996AF /* DrawingExample */,
				AC0E4E9C2236E110003996AF /* SctTopic */,
			);
			path = Walkthrough;
			sourceTree = "<group>";
		};
		AC38BB74221DFB1E008E829B /* Utils */ = {
			isa = PBXGroup;
			children = (
				AC9F23E32229D882002D38E5 /* Hash */,
				ACE70F92221F214C008454FF /* WeakContainer.swift */,
				ACE70F94221F2439008454FF /* WeakArray.swift */,
				AC38BB75221DFB2F008E829B /* String+localized.swift */,
				AC53E36622329C2700CA4437 /* Constants.swift */,
				AC38BB79221E89C0008E829B /* UIApplication+isFirstLaunch.swift */,
				ACE70F90221EFBA6008454FF /* UIViewController+storyboardId.swift */,
				ACE70F96221F3254008454FF /* UITableViewCell+utils.swift */,
				ACE70F98221F32B9008454FF /* UITableView+register.swift */,
				AC53E36A2232B75200CA4437 /* UIView+utils.swift */,
				ACD1B3A3223BF6490065F07E /* UILabel+utils.swift */,
				ACDC49A7224221F800B43534 /* NetworkStatus.swift */,
				ACDC49A522421D4A00B43534 /* Reachability.swift */,
			);
			path = Utils;
			sourceTree = "<group>";
		};
		AC53E36C2233128D00CA4437 /* SctHorizontal */ = {
			isa = PBXGroup;
			children = (
				AC0D77C72225D240007F83D4 /* SctHorizontalViewController.swift */,
				AC8F5B76222894AB00FAEFC5 /* GoToSctViewController.swift */,
				AC8F5B782228986000FAEFC5 /* GoToSctViewControllerDelegate.swift */,
				AC8F5B7A222899DA00FAEFC5 /* GoToSctCell.swift */,
				AC8F5B7C22289DC800FAEFC5 /* GoToSctStatusView.swift */,
				AC4904BB222B244100BDEB4B /* SctHorizontal.storyboard */,
			);
			path = SctHorizontal;
			sourceTree = "<group>";
		};
		AC53E36D223312D600CA4437 /* Other */ = {
			isa = PBXGroup;
			children = (
				AC8F5B7E2229676100FAEFC5 /* OtherViewController.swift */,
				AC53E36E2233130700CA4437 /* WalkthroughsViewController.swift */,
				AC9D1509223ED31A00131490 /* LeaderboardViewController.swift */,
				ACC52C40223EEE6C00B974BA /* CandidateStatisticsCell.swift */,
				ACC52C46223EF38200B974BA /* CandidateStatisticsCell.xib */,
				ACC52C49223EF62C00B974BA /* PeriodLeaderboardViewController.swift */,
				AC31E3962235B7B400A3B813 /* Other.storyboard */,
			);
			path = Other;
			sourceTree = "<group>";
		};
		AC53E37222331B5600CA4437 /* MySct */ = {
			isa = PBXGroup;
			children = (
				AC53E37322331B8500CA4437 /* MySctViewController.swift */,
				AC53E3792233AE3B00CA4437 /* MySctUnfinishedCell.swift */,
				ACC83F91223EC3F80064BE6F /* MySctUnfinishedCell.xib */,
				AC53E3772233AE3100CA4437 /* MySctFinishedCell.swift */,
				ACC83F93223EC4870064BE6F /* MySctFinishedCell.xib */,
				AC53E37D22345F4500CA4437 /* SctUnfinishedViewController.swift */,
				AC0E4EAA2237FB87003996AF /* SctFinishedViewController.swift */,
				ACC83F8F223EC3CE0064BE6F /* SctsUnfinishedListViewController.swift */,
				ACC83F95223EC83D0064BE6F /* SctsFinishedListViewController.swift */,
				ACC81AC322401DC0000990EA /* ProgressCell.swift */,
				ACC81AC522403EB4000990EA /* ProgressCellDelegate.swift */,
				ACC81AC1223F0EA3000990EA /* MyProgressViewController.swift */,
				AC53E37B2233AF5E00CA4437 /* MySct.storyboard */,
			);
			path = MySct;
			sourceTree = "<group>";
		};
		AC74B69B22353DE900B31571 /* Welcome */ = {
			isa = PBXGroup;
			children = (
				AC38BB77221DFCC4008E829B /* WelcomeWalkthroughViewController.swift */,
				AC38BB7B221E9C54008E829B /* WelcomeWalkthroughPageViewController.swift */,
				AC38BB7F221EA451008E829B /* WelcomeWalkthroughPageViewControllerDelegate.swift */,
				AC38BB7D221E9FE1008E829B /* WelcomeWalkthroughContentViewController.swift */,
				AC74B69D22354B8900B31571 /* WelcomeWalkthroughExampleViewController.swift */,
				AC38BB72221DF03F008E829B /* WelcomeWalkthrough.storyboard */,
			);
			path = Welcome;
			sourceTree = "<group>";
		};
		AC8F5B802229694C00FAEFC5 /* Authentification */ = {
			isa = PBXGroup;
			children = (
				AC8F5B812229696000FAEFC5 /* LoginViewController.swift */,
				AC9F23EA222A90ED002D38E5 /* SigninViewController.swift */,
				AC9F23EC222A93F4002D38E5 /* SigninLabelCell.swift */,
				AC4904C0222B3C1600BDEB4B /* SecurityQuestionCell.swift */,
				AC4904C2222B51F400BDEB4B /* SecurityQuestionPickerViewController.swift */,
				AC4904C4222B54E700BDEB4B /* SecurityQuestionPickerViewControllerDelegate.swift */,
				AC4904CA222BC15A00BDEB4B /* QualificationPickerViewController.swift */,
				AC4904CC222BC16B00BDEB4B /* QualificationPickerViewControllerDelegate.swift */,
				AC4904CE222C5CC200BDEB4B /* QualificationTopicPickerViewController.swift */,
				AC4904D0222C61D600BDEB4B /* QualificationTopicPickerViewControllerDelegate.swift */,
				AC82731B222C93B90041AA0C /* RecoverPasswordViewController.swift */,
				AC87E2F7222CA24000D6B8CC /* UserIdentifierCell.swift */,
				AC4904B6222B238B00BDEB4B /* Login.storyboard */,
				AC82731D222C96EB0041AA0C /* SecurityQuestionCell.xib */,
				AC9F23DD222996C4002D38E5 /* AuthenticationManager.swift */,
				AC9F23DF22299945002D38E5 /* KeychainPasswordItem.swift */,
				AC4904C6222BBE6100BDEB4B /* PasswordPolicy.swift */,
				AC4904C8222BBE7200BDEB4B /* PasswordTrait.swift */,
			);
			path = Authentification;
			sourceTree = "<group>";
		};
		AC9F23E32229D882002D38E5 /* Hash */ = {
			isa = PBXGroup;
			children = (
				AC9F23E62229D9AA002D38E5 /* String+hex.swift */,
				AC9F23E8222A8D4E002D38E5 /* String+random.swift */,
				AC9F23E42229D88E002D38E5 /* String+sha2.swift */,
				ACDC49A12242171D00B43534 /* String+md5.swift */,
			);
			path = Hash;
			sourceTree = "<group>";
		};
		ACB8C8A92235211F00C7F77C /* SctBrowsing */ = {
			isa = PBXGroup;
			children = (
				AC38BB61221DE4C9008E829B /* SctBrowsingViewController.swift */,
				ACC83F81223E516C0064BE6F /* SctsListViewController.swift */,
				ACD1B3A7223C42DE0065F07E /* SctLatestPeriodCell.swift */,
				ACD1B3A9223C43AD0065F07E /* SctLatestPeriodCell.xib */,
				ACD1B3AF223C510B0065F07E /* SctBrowsingCell.swift */,
				ACD1B3B1223C51B10065F07E /* SctBrowsingCell.xib */,
				ACC83F67223D649A0064BE6F /* SctSearchCriterion.swift */,
				ACD1B39F223BE1320065F07E /* SctSearchViewController.swift */,
				ACC83F6D223D70C40064BE6F /* SctSearchCriterionPickerViewController.swift */,
				ACC83F6F223D70D30064BE6F /* SctSearchCriterionPickerDelegate.swift */,
				ACC83F69223D650D0064BE6F /* QualificationTopicsPickerViewController.swift */,
				ACC83F6B223D6C590064BE6F /* QualificationTopicsPickerDelegate.swift */,
				ACC83F73223DB4500064BE6F /* DatePickerViewController.swift */,
				ACC83F75223DB5DF0064BE6F /* DatePickerDelegate.swift */,
				ACC83F77223E2A2A0064BE6F /* QuestionsCountCell.swift */,
				ACC83F71223DA4CC0064BE6F /* DurationPickerCell.swift */,
				ACC83F79223E349C0064BE6F /* SctSearchResultViewController.swift */,
				ACC83F83223E66DA0064BE6F /* SctLaunchViewController.swift */,
				ACC83F7D223E4B5C0064BE6F /* SctBrowsing.storyboard */,
			);
			path = SctBrowsing;
			sourceTree = "<group>";
		};
		ACC52C4B223EFDB200B974BA /* ScoreProgressDiagram */ = {
			isa = PBXGroup;
			children = (
				ACC52C4C223EFDCE00B974BA /* ScoreProgressDiagram.swift */,
				ACC81ACB22404B59000990EA /* ScoreProgressDiagramDelegate.swift */,
				ACC81AC922404A0A000990EA /* ScoreProgressDiagramDataSource.swift */,
			);
			path = ScoreProgressDiagram;
			sourceTree = "<group>";
		};
		ACC83F89223E96D50064BE6F /* Settings */ = {
			isa = PBXGroup;
			children = (
				ACC83F8C223E96F30064BE6F /* SettingsViewController.swift */,
				ACC83F8A223E96E70064BE6F /* Settings.storyboard */,
			);
			path = Settings;
			sourceTree = "<group>";
		};
		ACC83F8E223E99090064BE6F /* DetailHeader */ = {
			isa = PBXGroup;
			children = (
				ACD1B3A5223BFF580065F07E /* DetailHeader.swift */,
				ACC52C4E223EFFC300B974BA /* DetailFooter.swift */,
			);
			path = DetailHeader;
			sourceTree = "<group>";
		};
/* End PBXGroup section */

/* Begin PBXNativeTarget section */
		AC38BB5B221DE4C9008E829B /* Script_odont */ = {
			isa = PBXNativeTarget;
			buildConfigurationList = AC38BB6E221DE4CB008E829B /* Build configuration list for PBXNativeTarget "Script_odont" */;
			buildPhases = (
				AC38BB58221DE4C9008E829B /* Sources */,
				AC38BB59221DE4C9008E829B /* Frameworks */,
				AC38BB5A221DE4C9008E829B /* Resources */,
			);
			buildRules = (
			);
			dependencies = (
			);
			name = Script_odont;
			productName = Script_odont;
			productReference = AC38BB5C221DE4C9008E829B /* Script_odont.app */;
			productType = "com.apple.product-type.application";
		};
/* End PBXNativeTarget section */

/* Begin PBXProject section */
		AC38BB54221DE4C9008E829B /* Project object */ = {
			isa = PBXProject;
			attributes = {
				LastSwiftUpdateCheck = 1010;
				LastUpgradeCheck = 1010;
				ORGANIZATIONNAME = "Régis Iozzino";
				TargetAttributes = {
					AC38BB5B221DE4C9008E829B = {
						CreatedOnToolsVersion = 10.1;
					};
				};
			};
			buildConfigurationList = AC38BB57221DE4C9008E829B /* Build configuration list for PBXProject "Script_odont" */;
			compatibilityVersion = "Xcode 9.3";
			developmentRegion = en;
			hasScannedForEncodings = 0;
			knownRegions = (
				en,
				Base,
				fr,
			);
			mainGroup = AC38BB53221DE4C9008E829B;
			productRefGroup = AC38BB5D221DE4C9008E829B /* Products */;
			projectDirPath = "";
			projectRoot = "";
			targets = (
				AC38BB5B221DE4C9008E829B /* Script_odont */,
			);
		};
/* End PBXProject section */

/* Begin PBXResourcesBuildPhase section */
		AC38BB5A221DE4C9008E829B /* Resources */ = {
			isa = PBXResourcesBuildPhase;
			buildActionMask = 2147483647;
			files = (
				ACC52C44223EF38200B974BA /* CandidateStatisticsCell.xib in Resources */,
				ACC83F7B223E4B5C0064BE6F /* SctBrowsing.storyboard in Resources */,
				AC38BB6A221DE4CB008E829B /* LaunchScreen.storyboard in Resources */,
				ACC83F85223E89630064BE6F /* Localizable.stringsdict in Resources */,
				AC372C5F223942C7009F1DAD /* SctRateCell.xib in Resources */,
				AC82731E222C96EB0041AA0C /* SecurityQuestionCell.xib in Resources */,
				AC31E3942235B7B400A3B813 /* Other.storyboard in Resources */,
				AC0E4EA02236E144003996AF /* SctTopicWalkthrough.storyboard in Resources */,
				AC0E4E9A2236C6CC003996AF /* DrawingExampleWalkthrough.storyboard in Resources */,
				AC31E3A32235BCC300A3B813 /* SctWordingCell.xib in Resources */,
				AC372C61223942E6009F1DAD /* SctUpdateRateCell.xib in Resources */,
				AC38BB73221DF03F008E829B /* WelcomeWalkthrough.storyboard in Resources */,
				AC31E39D2235BAC300A3B813 /* SctScaleCell.xib in Resources */,
				AC372C5E223942C7009F1DAD /* SctPerformRateCell.xib in Resources */,
				ACC83F92223EC3F80064BE6F /* MySctUnfinishedCell.xib in Resources */,
				AC4904B4222B238B00BDEB4B /* Login.storyboard in Resources */,
				ACC83F94223EC4870064BE6F /* MySctFinishedCell.xib in Resources */,
				AC31E3A12235BCBA00A3B813 /* SctQuestionHeaderCell.xib in Resources */,
				ACC83F8B223E96E70064BE6F /* Settings.storyboard in Resources */,
				ACD1B3BA223D06F80065F07E /* ButtonCell.xib in Resources */,
				AC31E3A52235BE1E00A3B813 /* DrawingWalkthrough.storyboard in Resources */,
				AC31E39F2235BC8500A3B813 /* SctQuestionCell.xib in Resources */,
				AC53E37C2233AF5E00CA4437 /* MySct.storyboard in Resources */,
				ACD1B3B2223C51B10065F07E /* SctBrowsingCell.xib in Resources */,
				ACD1B39E223BD5640065F07E /* SctScoreDiagramCell.xib in Resources */,
				ACD1B3AA223C43AD0065F07E /* SctLatestPeriodCell.xib in Resources */,
				AC38BB83221EAA58008E829B /* Localizable.strings in Resources */,
				AC38BB67221DE4CB008E829B /* Assets.xcassets in Resources */,
				AC4904B9222B244100BDEB4B /* SctHorizontal.storyboard in Resources */,
				AC38BB65221DE4C9008E829B /* Main.storyboard in Resources */,
			);
			runOnlyForDeploymentPostprocessing = 0;
		};
/* End PBXResourcesBuildPhase section */

/* Begin PBXSourcesBuildPhase section */
		AC38BB58221DE4C9008E829B /* Sources */ = {
			isa = PBXSourcesBuildPhase;
			buildActionMask = 2147483647;
			files = (
				ACD1B3AE223C4C730065F07E /* SctLaunchInformation.swift in Sources */,
				ACC83F70223D70D30064BE6F /* SctSearchCriterionPickerDelegate.swift in Sources */,
				AC31E39A2235B88B00A3B813 /* DrawingWalkthroughViewController.swift in Sources */,
				AC372C56223942BE009F1DAD /* SctPerformRateCell.swift in Sources */,
				ACC81AC422401DC0000990EA /* ProgressCell.swift in Sources */,
				AC74B69C223542A000B31571 /* WelcomeWalkthroughContentViewController.swift in Sources */,
				ACC52C4D223EFDCE00B974BA /* ScoreProgressDiagram.swift in Sources */,
				AC9F23E52229D88E002D38E5 /* String+sha2.swift in Sources */,
				AC8F5B7F2229676100FAEFC5 /* OtherViewController.swift in Sources */,
				AC38BB7C221E9C54008E829B /* WelcomeWalkthroughPageViewController.swift in Sources */,
				ACE70F95221F2439008454FF /* WeakArray.swift in Sources */,
				AC372C64223947F3009F1DAD /* SctScoreDiagram.swift in Sources */,
				AC0D77D02225D7AD007F83D4 /* SctQuestionCell.swift in Sources */,
				AC4904D1222C61D600BDEB4B /* QualificationTopicPickerViewControllerDelegate.swift in Sources */,
				AC87E2F8222CA24000D6B8CC /* UserIdentifierCell.swift in Sources */,
				ACC81AC82240470E000990EA /* Progression.swift in Sources */,
				AC38BB62221DE4C9008E829B /* SctBrowsingViewController.swift in Sources */,
				ACC83F78223E2A2A0064BE6F /* QuestionsCountCell.swift in Sources */,
				AC0D77DC2228343C007F83D4 /* SctSession.swift in Sources */,
				AC9F23ED222A93F4002D38E5 /* SigninLabelCell.swift in Sources */,
				ACE70F99221F32B9008454FF /* UITableView+register.swift in Sources */,
				ACC81ACC22404B59000990EA /* ScoreProgressDiagramDelegate.swift in Sources */,
				AC53E3692232B2BA00CA4437 /* SctQuestionHeaderCell.swift in Sources */,
				ACD1B3B0223C510B0065F07E /* SctBrowsingCell.swift in Sources */,
				AC0D77D8222831C5007F83D4 /* SctExam.swift in Sources */,
				AC0D77E022283FB6007F83D4 /* SctQuestionCellDelegate.swift in Sources */,
				ACC83F68223D649A0064BE6F /* SctSearchCriterion.swift in Sources */,
				ACC83F76223DB5DF0064BE6F /* DatePickerDelegate.swift in Sources */,
				AC0D77D422281FDD007F83D4 /* SctScaleCell.swift in Sources */,
				ACC83F84223E66DA0064BE6F /* SctLaunchViewController.swift in Sources */,
				AC0E4EB222383A45003996AF /* PartialRateStar.swift in Sources */,
				AC38BB78221DFCC4008E829B /* WelcomeWalkthroughViewController.swift in Sources */,
				AC0D77CA2225D28B007F83D4 /* SctQuestion.swift in Sources */,
				ACDC49A8224221F800B43534 /* NetworkStatus.swift in Sources */,
				ACC83F96223EC83D0064BE6F /* SctsFinishedListViewController.swift in Sources */,
				AC4904C1222B3C1600BDEB4B /* SecurityQuestionCell.swift in Sources */,
				AC4904C5222B54E700BDEB4B /* SecurityQuestionPickerViewControllerDelegate.swift in Sources */,
				AC4904CB222BC15A00BDEB4B /* QualificationPickerViewController.swift in Sources */,
				AC53E37E22345F4500CA4437 /* SctUnfinishedViewController.swift in Sources */,
				AC53E3782233AE3100CA4437 /* MySctFinishedCell.swift in Sources */,
				AC4904C9222BBE7200BDEB4B /* PasswordTrait.swift in Sources */,
				AC9D150A223ED31A00131490 /* LeaderboardViewController.swift in Sources */,
				AC38BB76221DFB2F008E829B /* String+localized.swift in Sources */,
				ACA60F722235CCEF0094881A /* SctViewController.swift in Sources */,
				AC0E4EA222370CF3003996AF /* SctStatistics.swift in Sources */,
				AC4904C3222B51F400BDEB4B /* SecurityQuestionPickerViewController.swift in Sources */,
				AC0D77D22225DD01007F83D4 /* SctPanelAnswer.swift in Sources */,
				ACE70F97221F3254008454FF /* UITableViewCell+utils.swift in Sources */,
				ACC83F6A223D650D0064BE6F /* QualificationTopicsPickerViewController.swift in Sources */,
				ACC83F72223DA4CC0064BE6F /* DurationPickerCell.swift in Sources */,
				ACC83F8D223E96F30064BE6F /* SettingsViewController.swift in Sources */,
				AC8F5B7D22289DC800FAEFC5 /* GoToSctStatusView.swift in Sources */,
				ACD1B3A0223BE1320065F07E /* SctSearchViewController.swift in Sources */,
				AC372C59223942BE009F1DAD /* SctRateCell.swift in Sources */,
				AC38BB7A221E89C0008E829B /* UIApplication+isFirstLaunch.swift in Sources */,
				AC0E4EA92237ECF6003996AF /* SctDetailViewDataSource.swift in Sources */,
				ACE70F93221F214C008454FF /* WeakContainer.swift in Sources */,
				AC0D77C82225D240007F83D4 /* SctHorizontalViewController.swift in Sources */,
				AC53E36F2233130700CA4437 /* WalkthroughsViewController.swift in Sources */,
				AC0E4E982236C663003996AF /* DrawingExampleWalkthroughViewController.swift in Sources */,
				AC9F23EF222B124B002D38E5 /* Qualification.swift in Sources */,
				AC372C5B223942BE009F1DAD /* SctUpdateRateCellDelegate.swift in Sources */,
				AC8F5B7B222899DA00FAEFC5 /* GoToSctCell.swift in Sources */,
				ACC52C3F223EE57E00B974BA /* CandidateStatistics.swift in Sources */,
				ACD1B39C223BD5590065F07E /* SctScoreDiagramCell.swift in Sources */,
				AC53E37422331B8500CA4437 /* MySctViewController.swift in Sources */,
				AC9F23EB222A90ED002D38E5 /* SigninViewController.swift in Sources */,
				ACA60F742235D2340094881A /* SctViewDataSource.swift in Sources */,
				ACC83F90223EC3CE0064BE6F /* SctsUnfinishedListViewController.swift in Sources */,
				AC4904C7222BBE6100BDEB4B /* PasswordPolicy.swift in Sources */,
				ACB8C8A822351AE000C7F77C /* SctFinished.swift in Sources */,
				ACD1B3A8223C42DE0065F07E /* SctLatestPeriodCell.swift in Sources */,
				AC53E36722329C2700CA4437 /* Constants.swift in Sources */,
				ACD1B3B8223D068F0065F07E /* ButtonCell.swift in Sources */,
				AC9F23E72229D9AA002D38E5 /* String+hex.swift in Sources */,
				ACC81ACE224056E0000990EA /* DashPattern.swift in Sources */,
				AC53E36B2232B75200CA4437 /* UIView+utils.swift in Sources */,
				AC53E37A2233AE3B00CA4437 /* MySctUnfinishedCell.swift in Sources */,
				AC0D77D62228274D007F83D4 /* Appearance.swift in Sources */,
				AC8F5B822229696000FAEFC5 /* LoginViewController.swift in Sources */,
				AC4904CF222C5CC200BDEB4B /* QualificationTopicPickerViewController.swift in Sources */,
				AC38BB80221EA451008E829B /* WelcomeWalkthroughPageViewControllerDelegate.swift in Sources */,
				ACC52C4F223EFFC300B974BA /* DetailFooter.swift in Sources */,
				ACE70F91221EFBA6008454FF /* UIViewController+storyboardId.swift in Sources */,
				ACD1B3A6223BFF580065F07E /* DetailHeader.swift in Sources */,
				AC0E4E9E2236E136003996AF /* SctTopicWalkthroughViewController.swift in Sources */,
				AC4904BF222B3AAF00BDEB4B /* SecurityQuestion.swift in Sources */,
				AC8F5B792228986000FAEFC5 /* GoToSctViewControllerDelegate.swift in Sources */,
				AC372C5A223942BE009F1DAD /* SctUpdateRateCell.swift in Sources */,
				AC8F5B77222894AB00FAEFC5 /* GoToSctViewController.swift in Sources */,
				AC372C58223942BE009F1DAD /* SctPerformRateCellDelegate.swift in Sources */,
				ACC83F7A223E349C0064BE6F /* SctSearchResultViewController.swift in Sources */,
				ACC83F82223E516C0064BE6F /* SctsListViewController.swift in Sources */,
				ACC83F74223DB4500064BE6F /* DatePickerViewController.swift in Sources */,
				ACD1B3A4223BF6490065F07E /* UILabel+utils.swift in Sources */,
				AC9F23E22229D6A4002D38E5 /* ViewController.swift in Sources */,
				AC0E4EA62237EB84003996AF /* SctDetailViewController.swift in Sources */,
				AC0D77C62225CEFD007F83D4 /* LikertScale.swift in Sources */,
				AC53E3762233AD9B00CA4437 /* SctUnfinished.swift in Sources */,
				AC4904B1222B12A900BDEB4B /* QualificationTopic.swift in Sources */,
				AC0E4EAD223801D5003996AF /* RateStar.swift in Sources */,
				AC4904CD222BC16B00BDEB4B /* QualificationPickerViewControllerDelegate.swift in Sources */,
				ACC52C41223EEE6C00B974BA /* CandidateStatisticsCell.swift in Sources */,
				AC0D77C22225CD2B007F83D4 /* Sct.swift in Sources */,
				AC9F23DE222996C4002D38E5 /* AuthenticationManager.swift in Sources */,
				AC82731C222C93B90041AA0C /* RecoverPasswordViewController.swift in Sources */,
				ACC81AC622403EB4000990EA /* ProgressCellDelegate.swift in Sources */,
				AC0D77DA22283330007F83D4 /* SctWordingCell.swift in Sources */,
				ACC83F6C223D6C590064BE6F /* QualificationTopicsPickerDelegate.swift in Sources */,
				AC0D77C42225CD60007F83D4 /* SctTopic.swift in Sources */,
				AC0E4EB022382995003996AF /* UIBezierPath+star.swift in Sources */,
				AC372C57223942BE009F1DAD /* SctDetailViewDelegate.swift in Sources */,
				AC74B69E22354B8900B31571 /* WelcomeWalkthroughExampleViewController.swift in Sources */,
				AC38BB60221DE4C9008E829B /* AppDelegate.swift in Sources */,
				AC9F23E9222A8D4E002D38E5 /* String+random.swift in Sources */,
				ACDC49A22242171D00B43534 /* String+md5.swift in Sources */,
				AC0E4EAB2237FB87003996AF /* SctFinishedViewController.swift in Sources */,
				AC0D77DE22283838007F83D4 /* SctAnswer.swift in Sources */,
				ACC81ACA22404A0A000990EA /* ScoreProgressDiagramDataSource.swift in Sources */,
				ACC81AC2223F0EA3000990EA /* MyProgressViewController.swift in Sources */,
				ACC52C4A223EF62C00B974BA /* PeriodLeaderboardViewController.swift in Sources */,
				AC9F23E022299945002D38E5 /* KeychainPasswordItem.swift in Sources */,
				ACC81AC0223F0D43000990EA /* Period.swift in Sources */,
				ACDC49A622421D4A00B43534 /* Reachability.swift in Sources */,
				ACC83F6E223D70C40064BE6F /* SctSearchCriterionPickerViewController.swift in Sources */,
			);
			runOnlyForDeploymentPostprocessing = 0;
		};
/* End PBXSourcesBuildPhase section */

/* Begin PBXVariantGroup section */
		AC31E3962235B7B400A3B813 /* Other.storyboard */ = {
			isa = PBXVariantGroup;
			children = (
				AC31E3952235B7B400A3B813 /* Base */,
				AC31E3982235B7B700A3B813 /* fr */,
			);
			name = Other.storyboard;
			sourceTree = "<group>";
		};
		AC38BB63221DE4C9008E829B /* Main.storyboard */ = {
			isa = PBXVariantGroup;
			children = (
				AC38BB64221DE4C9008E829B /* Base */,
				AC0E4EA422371109003996AF /* fr */,
			);
			name = Main.storyboard;
			sourceTree = "<group>";
		};
		AC38BB68221DE4CB008E829B /* LaunchScreen.storyboard */ = {
			isa = PBXVariantGroup;
			children = (
				AC38BB69221DE4CB008E829B /* Base */,
			);
			name = LaunchScreen.storyboard;
			sourceTree = "<group>";
		};
		AC38BB85221EAA58008E829B /* Localizable.strings */ = {
			isa = PBXVariantGroup;
			children = (
				AC38BB84221EAA58008E829B /* en */,
				AC38BB86221EAA67008E829B /* fr */,
			);
			name = Localizable.strings;
			sourceTree = "<group>";
		};
		AC4904B6222B238B00BDEB4B /* Login.storyboard */ = {
			isa = PBXVariantGroup;
			children = (
				AC4904B5222B238B00BDEB4B /* Base */,
				AC4904B8222B238E00BDEB4B /* fr */,
			);
			name = Login.storyboard;
			sourceTree = "<group>";
		};
		AC4904BB222B244100BDEB4B /* SctHorizontal.storyboard */ = {
			isa = PBXVariantGroup;
			children = (
				AC4904BA222B244100BDEB4B /* Base */,
				AC4904BD222B244300BDEB4B /* fr */,
			);
			name = SctHorizontal.storyboard;
			sourceTree = "<group>";
		};
		ACC52C46223EF38200B974BA /* CandidateStatisticsCell.xib */ = {
			isa = PBXVariantGroup;
			children = (
				ACC52C45223EF38200B974BA /* Base */,
				ACC52C48223EF38500B974BA /* fr */,
			);
			name = CandidateStatisticsCell.xib;
			sourceTree = "<group>";
		};
		ACC83F7D223E4B5C0064BE6F /* SctBrowsing.storyboard */ = {
			isa = PBXVariantGroup;
			children = (
				ACC83F7C223E4B5C0064BE6F /* Base */,
				ACC83F7F223E4B600064BE6F /* fr */,
			);
			name = SctBrowsing.storyboard;
			sourceTree = "<group>";
		};
		ACC83F87223E89630064BE6F /* Localizable.stringsdict */ = {
			isa = PBXVariantGroup;
			children = (
				ACC83F86223E89630064BE6F /* en */,
				ACC83F88223E89640064BE6F /* fr */,
			);
			name = Localizable.stringsdict;
			sourceTree = "<group>";
		};
/* End PBXVariantGroup section */

/* Begin XCBuildConfiguration section */
		AC38BB6C221DE4CB008E829B /* Debug */ = {
			isa = XCBuildConfiguration;
			buildSettings = {
				ALWAYS_SEARCH_USER_PATHS = NO;
				CLANG_ANALYZER_LOCALIZABILITY_NONLOCALIZED = YES;
				CLANG_ANALYZER_NONNULL = YES;
				CLANG_ANALYZER_NUMBER_OBJECT_CONVERSION = YES_AGGRESSIVE;
				CLANG_CXX_LANGUAGE_STANDARD = "gnu++14";
				CLANG_CXX_LIBRARY = "libc++";
				CLANG_ENABLE_MODULES = YES;
				CLANG_ENABLE_OBJC_ARC = YES;
				CLANG_ENABLE_OBJC_WEAK = YES;
				CLANG_WARN_BLOCK_CAPTURE_AUTORELEASING = YES;
				CLANG_WARN_BOOL_CONVERSION = YES;
				CLANG_WARN_COMMA = YES;
				CLANG_WARN_CONSTANT_CONVERSION = YES;
				CLANG_WARN_DEPRECATED_OBJC_IMPLEMENTATIONS = YES;
				CLANG_WARN_DIRECT_OBJC_ISA_USAGE = YES_ERROR;
				CLANG_WARN_DOCUMENTATION_COMMENTS = YES;
				CLANG_WARN_EMPTY_BODY = YES;
				CLANG_WARN_ENUM_CONVERSION = YES;
				CLANG_WARN_INFINITE_RECURSION = YES;
				CLANG_WARN_INT_CONVERSION = YES;
				CLANG_WARN_NON_LITERAL_NULL_CONVERSION = YES;
				CLANG_WARN_OBJC_IMPLICIT_RETAIN_SELF = YES;
				CLANG_WARN_OBJC_LITERAL_CONVERSION = YES;
				CLANG_WARN_OBJC_ROOT_CLASS = YES_ERROR;
				CLANG_WARN_RANGE_LOOP_ANALYSIS = YES;
				CLANG_WARN_STRICT_PROTOTYPES = YES;
				CLANG_WARN_SUSPICIOUS_MOVE = YES;
				CLANG_WARN_UNGUARDED_AVAILABILITY = YES_AGGRESSIVE;
				CLANG_WARN_UNREACHABLE_CODE = YES;
				CLANG_WARN__DUPLICATE_METHOD_MATCH = YES;
				CODE_SIGN_IDENTITY = "iPhone Developer";
				COPY_PHASE_STRIP = NO;
				DEBUG_INFORMATION_FORMAT = dwarf;
				ENABLE_STRICT_OBJC_MSGSEND = YES;
				ENABLE_TESTABILITY = YES;
				GCC_C_LANGUAGE_STANDARD = gnu11;
				GCC_DYNAMIC_NO_PIC = NO;
				GCC_NO_COMMON_BLOCKS = YES;
				GCC_OPTIMIZATION_LEVEL = 0;
				GCC_PREPROCESSOR_DEFINITIONS = (
					"DEBUG=1",
					"$(inherited)",
				);
				GCC_WARN_64_TO_32_BIT_CONVERSION = YES;
				GCC_WARN_ABOUT_RETURN_TYPE = YES_ERROR;
				GCC_WARN_UNDECLARED_SELECTOR = YES;
				GCC_WARN_UNINITIALIZED_AUTOS = YES_AGGRESSIVE;
				GCC_WARN_UNUSED_FUNCTION = YES;
				GCC_WARN_UNUSED_VARIABLE = YES;
				IPHONEOS_DEPLOYMENT_TARGET = 12.1;
				MTL_ENABLE_DEBUG_INFO = INCLUDE_SOURCE;
				MTL_FAST_MATH = YES;
				ONLY_ACTIVE_ARCH = YES;
				SDKROOT = iphoneos;
				SWIFT_ACTIVE_COMPILATION_CONDITIONS = DEBUG;
				SWIFT_OPTIMIZATION_LEVEL = "-Onone";
			};
			name = Debug;
		};
		AC38BB6D221DE4CB008E829B /* Release */ = {
			isa = XCBuildConfiguration;
			buildSettings = {
				ALWAYS_SEARCH_USER_PATHS = NO;
				CLANG_ANALYZER_LOCALIZABILITY_NONLOCALIZED = YES;
				CLANG_ANALYZER_NONNULL = YES;
				CLANG_ANALYZER_NUMBER_OBJECT_CONVERSION = YES_AGGRESSIVE;
				CLANG_CXX_LANGUAGE_STANDARD = "gnu++14";
				CLANG_CXX_LIBRARY = "libc++";
				CLANG_ENABLE_MODULES = YES;
				CLANG_ENABLE_OBJC_ARC = YES;
				CLANG_ENABLE_OBJC_WEAK = YES;
				CLANG_WARN_BLOCK_CAPTURE_AUTORELEASING = YES;
				CLANG_WARN_BOOL_CONVERSION = YES;
				CLANG_WARN_COMMA = YES;
				CLANG_WARN_CONSTANT_CONVERSION = YES;
				CLANG_WARN_DEPRECATED_OBJC_IMPLEMENTATIONS = YES;
				CLANG_WARN_DIRECT_OBJC_ISA_USAGE = YES_ERROR;
				CLANG_WARN_DOCUMENTATION_COMMENTS = YES;
				CLANG_WARN_EMPTY_BODY = YES;
				CLANG_WARN_ENUM_CONVERSION = YES;
				CLANG_WARN_INFINITE_RECURSION = YES;
				CLANG_WARN_INT_CONVERSION = YES;
				CLANG_WARN_NON_LITERAL_NULL_CONVERSION = YES;
				CLANG_WARN_OBJC_IMPLICIT_RETAIN_SELF = YES;
				CLANG_WARN_OBJC_LITERAL_CONVERSION = YES;
				CLANG_WARN_OBJC_ROOT_CLASS = YES_ERROR;
				CLANG_WARN_RANGE_LOOP_ANALYSIS = YES;
				CLANG_WARN_STRICT_PROTOTYPES = YES;
				CLANG_WARN_SUSPICIOUS_MOVE = YES;
				CLANG_WARN_UNGUARDED_AVAILABILITY = YES_AGGRESSIVE;
				CLANG_WARN_UNREACHABLE_CODE = YES;
				CLANG_WARN__DUPLICATE_METHOD_MATCH = YES;
				CODE_SIGN_IDENTITY = "iPhone Developer";
				COPY_PHASE_STRIP = NO;
				DEBUG_INFORMATION_FORMAT = "dwarf-with-dsym";
				ENABLE_NS_ASSERTIONS = NO;
				ENABLE_STRICT_OBJC_MSGSEND = YES;
				GCC_C_LANGUAGE_STANDARD = gnu11;
				GCC_NO_COMMON_BLOCKS = YES;
				GCC_WARN_64_TO_32_BIT_CONVERSION = YES;
				GCC_WARN_ABOUT_RETURN_TYPE = YES_ERROR;
				GCC_WARN_UNDECLARED_SELECTOR = YES;
				GCC_WARN_UNINITIALIZED_AUTOS = YES_AGGRESSIVE;
				GCC_WARN_UNUSED_FUNCTION = YES;
				GCC_WARN_UNUSED_VARIABLE = YES;
				IPHONEOS_DEPLOYMENT_TARGET = 12.1;
				MTL_ENABLE_DEBUG_INFO = NO;
				MTL_FAST_MATH = YES;
				SDKROOT = iphoneos;
				SWIFT_COMPILATION_MODE = wholemodule;
				SWIFT_OPTIMIZATION_LEVEL = "-O";
				VALIDATE_PRODUCT = YES;
			};
			name = Release;
		};
		AC38BB6F221DE4CB008E829B /* Debug */ = {
			isa = XCBuildConfiguration;
			buildSettings = {
				ASSETCATALOG_COMPILER_APPICON_NAME = AppIcon;
				CODE_SIGN_STYLE = Automatic;
				DEVELOPMENT_TEAM = 89BP7N4885;
				INFOPLIST_FILE = Script_odont/Info.plist;
				LD_RUNPATH_SEARCH_PATHS = (
					"$(inherited)",
					"@executable_path/Frameworks",
				);
				PRODUCT_BUNDLE_IDENTIFIER = "com.myCompany.Script-odont";
				PRODUCT_NAME = "$(TARGET_NAME)";
				SWIFT_VERSION = 4.2;
				TARGETED_DEVICE_FAMILY = "1,2";
			};
			name = Debug;
		};
		AC38BB70221DE4CB008E829B /* Release */ = {
			isa = XCBuildConfiguration;
			buildSettings = {
				ASSETCATALOG_COMPILER_APPICON_NAME = AppIcon;
				CODE_SIGN_STYLE = Automatic;
				DEVELOPMENT_TEAM = 89BP7N4885;
				INFOPLIST_FILE = Script_odont/Info.plist;
				LD_RUNPATH_SEARCH_PATHS = (
					"$(inherited)",
					"@executable_path/Frameworks",
				);
				PRODUCT_BUNDLE_IDENTIFIER = "com.myCompany.Script-odont";
				PRODUCT_NAME = "$(TARGET_NAME)";
				SWIFT_VERSION = 4.2;
				TARGETED_DEVICE_FAMILY = "1,2";
			};
			name = Release;
		};
/* End XCBuildConfiguration section */

/* Begin XCConfigurationList section */
		AC38BB57221DE4C9008E829B /* Build configuration list for PBXProject "Script_odont" */ = {
			isa = XCConfigurationList;
			buildConfigurations = (
				AC38BB6C221DE4CB008E829B /* Debug */,
				AC38BB6D221DE4CB008E829B /* Release */,
			);
			defaultConfigurationIsVisible = 0;
			defaultConfigurationName = Release;
		};
		AC38BB6E221DE4CB008E829B /* Build configuration list for PBXNativeTarget "Script_odont" */ = {
			isa = XCConfigurationList;
			buildConfigurations = (
				AC38BB6F221DE4CB008E829B /* Debug */,
				AC38BB70221DE4CB008E829B /* Release */,
			);
			defaultConfigurationIsVisible = 0;
			defaultConfigurationName = Release;
		};
/* End XCConfigurationList section */
	};
	rootObject = AC38BB54221DE4C9008E829B /* Project object */;
}
