// !$*UTF8*$!
{
	archiveVersion = 1;
	classes = {
	};
	objectVersion = 50;
	objects = {

/* Begin PBXBuildFile section */
		AC38BB60221DE4C9008E829B /* AppDelegate.swift in Sources */ = {isa = PBXBuildFile; fileRef = AC38BB5F221DE4C9008E829B /* AppDelegate.swift */; };
		AC38BB62221DE4C9008E829B /* ViewController.swift in Sources */ = {isa = PBXBuildFile; fileRef = AC38BB61221DE4C9008E829B /* ViewController.swift */; };
		AC38BB65221DE4C9008E829B /* Main.storyboard in Resources */ = {isa = PBXBuildFile; fileRef = AC38BB63221DE4C9008E829B /* Main.storyboard */; };
		AC38BB67221DE4CB008E829B /* Assets.xcassets in Resources */ = {isa = PBXBuildFile; fileRef = AC38BB66221DE4CB008E829B /* Assets.xcassets */; };
		AC38BB6A221DE4CB008E829B /* LaunchScreen.storyboard in Resources */ = {isa = PBXBuildFile; fileRef = AC38BB68221DE4CB008E829B /* LaunchScreen.storyboard */; };
/* End PBXBuildFile section */

/* Begin PBXFileReference section */
		AC38BB5C221DE4C9008E829B /* Script_odont.app */ = {isa = PBXFileReference; explicitFileType = wrapper.application; includeInIndex = 0; path = Script_odont.app; sourceTree = BUILT_PRODUCTS_DIR; };
		AC38BB5F221DE4C9008E829B /* AppDelegate.swift */ = {isa = PBXFileReference; lastKnownFileType = sourcecode.swift; path = AppDelegate.swift; sourceTree = "<group>"; };
		AC38BB61221DE4C9008E829B /* ViewController.swift */ = {isa = PBXFileReference; lastKnownFileType = sourcecode.swift; path = ViewController.swift; sourceTree = "<group>"; };
		AC38BB64221DE4C9008E829B /* Base */ = {isa = PBXFileReference; lastKnownFileType = file.storyboard; name = Base; path = Base.lproj/Main.storyboard; sourceTree = "<group>"; };
		AC38BB66221DE4CB008E829B /* Assets.xcassets */ = {isa = PBXFileReference; lastKnownFileType = folder.assetcatalog; path = Assets.xcassets; sourceTree = "<group>"; };
		AC38BB69221DE4CB008E829B /* Base */ = {isa = PBXFileReference; lastKnownFileType = file.storyboard; name = Base; path = Base.lproj/LaunchScreen.storyboard; sourceTree = "<group>"; };
		AC38BB6B221DE4CB008E829B /* Info.plist */ = {isa = PBXFileReference; lastKnownFileType = text.plist.xml; path = Info.plist; sourceTree = "<group>"; };
/* End PBXFileReference section */

/* Begin PBXFrameworksBuildPhase section */
		AC38BB59221DE4C9008E829B /* Frameworks */ = {
			isa = PBXFrameworksBuildPhase;
			buildActionMask = 2147483647;
			files = (
			);
			runOnlyForDeploymentPostprocessing = 0;
		};
/* End PBXFrameworksBuildPhase section */

/* Begin PBXGroup section */
		AC38BB53221DE4C9008E829B = {
			isa = PBXGroup;
			children = (
				AC38BB5E221DE4C9008E829B /* Script_odont */,
				AC38BB5D221DE4C9008E829B /* Products */,
			);
			sourceTree = "<group>";
		};
		AC38BB5D221DE4C9008E829B /* Products */ = {
			isa = PBXGroup;
			children = (
				AC38BB5C221DE4C9008E829B /* Script_odont.app */,
			);
			name = Products;
			sourceTree = "<group>";
		};
		AC38BB5E221DE4C9008E829B /* Script_odont */ = {
			isa = PBXGroup;
			children = (
				AC38BB5F221DE4C9008E829B /* AppDelegate.swift */,
				AC38BB61221DE4C9008E829B /* ViewController.swift */,
				AC38BB63221DE4C9008E829B /* Main.storyboard */,
				AC38BB66221DE4CB008E829B /* Assets.xcassets */,
				AC38BB68221DE4CB008E829B /* LaunchScreen.storyboard */,
				AC38BB6B221DE4CB008E829B /* Info.plist */,
			);
			path = Script_odont;
			sourceTree = "<group>";
		};
/* End PBXGroup section */

/* Begin PBXNativeTarget section */
		AC38BB5B221DE4C9008E829B /* Script_odont */ = {
			isa = PBXNativeTarget;
			buildConfigurationList = AC38BB6E221DE4CB008E829B /* Build configuration list for PBXNativeTarget "Script_odont" */;
			buildPhases = (
				AC38BB58221DE4C9008E829B /* Sources */,
				AC38BB59221DE4C9008E829B /* Frameworks */,
				AC38BB5A221DE4C9008E829B /* Resources */,
			);
			buildRules = (
			);
			dependencies = (
			);
			name = Script_odont;
			productName = Script_odont;
			productReference = AC38BB5C221DE4C9008E829B /* Script_odont.app */;
			productType = "com.apple.product-type.application";
		};
/* End PBXNativeTarget section */

/* Begin PBXProject section */
		AC38BB54221DE4C9008E829B /* Project object */ = {
			isa = PBXProject;
			attributes = {
				LastSwiftUpdateCheck = 1010;
				LastUpgradeCheck = 1010;
				ORGANIZATIONNAME = "Régis Iozzino";
				TargetAttributes = {
					AC38BB5B221DE4C9008E829B = {
						CreatedOnToolsVersion = 10.1;
					};
				};
			};
			buildConfigurationList = AC38BB57221DE4C9008E829B /* Build configuration list for PBXProject "Script_odont" */;
			compatibilityVersion = "Xcode 9.3";
			developmentRegion = en;
			hasScannedForEncodings = 0;
			knownRegions = (
				en,
				Base,
			);
			mainGroup = AC38BB53221DE4C9008E829B;
			productRefGroup = AC38BB5D221DE4C9008E829B /* Products */;
			projectDirPath = "";
			projectRoot = "";
			targets = (
				AC38BB5B221DE4C9008E829B /* Script_odont */,
			);
		};
/* End PBXProject section */

/* Begin PBXResourcesBuildPhase section */
		AC38BB5A221DE4C9008E829B /* Resources */ = {
			isa = PBXResourcesBuildPhase;
			buildActionMask = 2147483647;
			files = (
				AC38BB6A221DE4CB008E829B /* LaunchScreen.storyboard in Resources */,
				AC38BB67221DE4CB008E829B /* Assets.xcassets in Resources */,
				AC38BB65221DE4C9008E829B /* Main.storyboard in Resources */,
			);
			runOnlyForDeploymentPostprocessing = 0;
		};
/* End PBXResourcesBuildPhase section */

/* Begin PBXSourcesBuildPhase section */
		AC38BB58221DE4C9008E829B /* Sources */ = {
			isa = PBXSourcesBuildPhase;
			buildActionMask = 2147483647;
			files = (
				AC38BB62221DE4C9008E829B /* ViewController.swift in Sources */,
				AC38BB60221DE4C9008E829B /* AppDelegate.swift in Sources */,
			);
			runOnlyForDeploymentPostprocessing = 0;
		};
/* End PBXSourcesBuildPhase section */

/* Begin PBXVariantGroup section */
		AC38BB63221DE4C9008E829B /* Main.storyboard */ = {
			isa = PBXVariantGroup;
			children = (
				AC38BB64221DE4C9008E829B /* Base */,
			);
			name = Main.storyboard;
			sourceTree = "<group>";
		};
		AC38BB68221DE4CB008E829B /* LaunchScreen.storyboard */ = {
			isa = PBXVariantGroup;
			children = (
				AC38BB69221DE4CB008E829B /* Base */,
			);
			name = LaunchScreen.storyboard;
			sourceTree = "<group>";
		};
/* End PBXVariantGroup section */

/* Begin XCBuildConfiguration section */
		AC38BB6C221DE4CB008E829B /* Debug */ = {
			isa = XCBuildConfiguration;
			buildSettings = {
				ALWAYS_SEARCH_USER_PATHS = NO;
				CLANG_ANALYZER_NONNULL = YES;
				CLANG_ANALYZER_NUMBER_OBJECT_CONVERSION = YES_AGGRESSIVE;
				CLANG_CXX_LANGUAGE_STANDARD = "gnu++14";
				CLANG_CXX_LIBRARY = "libc++";
				CLANG_ENABLE_MODULES = YES;
				CLANG_ENABLE_OBJC_ARC = YES;
				CLANG_ENABLE_OBJC_WEAK = YES;
				CLANG_WARN_BLOCK_CAPTURE_AUTORELEASING = YES;
				CLANG_WARN_BOOL_CONVERSION = YES;
				CLANG_WARN_COMMA = YES;
				CLANG_WARN_CONSTANT_CONVERSION = YES;
				CLANG_WARN_DEPRECATED_OBJC_IMPLEMENTATIONS = YES;
				CLANG_WARN_DIRECT_OBJC_ISA_USAGE = YES_ERROR;
				CLANG_WARN_DOCUMENTATION_COMMENTS = YES;
				CLANG_WARN_EMPTY_BODY = YES;
				CLANG_WARN_ENUM_CONVERSION = YES;
				CLANG_WARN_INFINITE_RECURSION = YES;
				CLANG_WARN_INT_CONVERSION = YES;
				CLANG_WARN_NON_LITERAL_NULL_CONVERSION = YES;
				CLANG_WARN_OBJC_IMPLICIT_RETAIN_SELF = YES;
				CLANG_WARN_OBJC_LITERAL_CONVERSION = YES;
				CLANG_WARN_OBJC_ROOT_CLASS = YES_ERROR;
				CLANG_WARN_RANGE_LOOP_ANALYSIS = YES;
				CLANG_WARN_STRICT_PROTOTYPES = YES;
				CLANG_WARN_SUSPICIOUS_MOVE = YES;
				CLANG_WARN_UNGUARDED_AVAILABILITY = YES_AGGRESSIVE;
				CLANG_WARN_UNREACHABLE_CODE = YES;
				CLANG_WARN__DUPLICATE_METHOD_MATCH = YES;
				CODE_SIGN_IDENTITY = "iPhone Developer";
				COPY_PHASE_STRIP = NO;
				DEBUG_INFORMATION_FORMAT = dwarf;
				ENABLE_STRICT_OBJC_MSGSEND = YES;
				ENABLE_TESTABILITY = YES;
				GCC_C_LANGUAGE_STANDARD = gnu11;
				GCC_DYNAMIC_NO_PIC = NO;
				GCC_NO_COMMON_BLOCKS = YES;
				GCC_OPTIMIZATION_LEVEL = 0;
				GCC_PREPROCESSOR_DEFINITIONS = (
					"DEBUG=1",
					"$(inherited)",
				);
				GCC_WARN_64_TO_32_BIT_CONVERSION = YES;
				GCC_WARN_ABOUT_RETURN_TYPE = YES_ERROR;
				GCC_WARN_UNDECLARED_SELECTOR = YES;
				GCC_WARN_UNINITIALIZED_AUTOS = YES_AGGRESSIVE;
				GCC_WARN_UNUSED_FUNCTION = YES;
				GCC_WARN_UNUSED_VARIABLE = YES;
				IPHONEOS_DEPLOYMENT_TARGET = 12.1;
				MTL_ENABLE_DEBUG_INFO = INCLUDE_SOURCE;
				MTL_FAST_MATH = YES;
				ONLY_ACTIVE_ARCH = YES;
				SDKROOT = iphoneos;
				SWIFT_ACTIVE_COMPILATION_CONDITIONS = DEBUG;
				SWIFT_OPTIMIZATION_LEVEL = "-Onone";
			};
			name = Debug;
		};
		AC38BB6D221DE4CB008E829B /* Release */ = {
			isa = XCBuildConfiguration;
			buildSettings = {
				ALWAYS_SEARCH_USER_PATHS = NO;
				CLANG_ANALYZER_NONNULL = YES;
				CLANG_ANALYZER_NUMBER_OBJECT_CONVERSION = YES_AGGRESSIVE;
				CLANG_CXX_LANGUAGE_STANDARD = "gnu++14";
				CLANG_CXX_LIBRARY = "libc++";
				CLANG_ENABLE_MODULES = YES;
				CLANG_ENABLE_OBJC_ARC = YES;
				CLANG_ENABLE_OBJC_WEAK = YES;
				CLANG_WARN_BLOCK_CAPTURE_AUTORELEASING = YES;
				CLANG_WARN_BOOL_CONVERSION = YES;
				CLANG_WARN_COMMA = YES;
				CLANG_WARN_CONSTANT_CONVERSION = YES;
				CLANG_WARN_DEPRECATED_OBJC_IMPLEMENTATIONS = YES;
				CLANG_WARN_DIRECT_OBJC_ISA_USAGE = YES_ERROR;
				CLANG_WARN_DOCUMENTATION_COMMENTS = YES;
				CLANG_WARN_EMPTY_BODY = YES;
				CLANG_WARN_ENUM_CONVERSION = YES;
				CLANG_WARN_INFINITE_RECURSION = YES;
				CLANG_WARN_INT_CONVERSION = YES;
				CLANG_WARN_NON_LITERAL_NULL_CONVERSION = YES;
				CLANG_WARN_OBJC_IMPLICIT_RETAIN_SELF = YES;
				CLANG_WARN_OBJC_LITERAL_CONVERSION = YES;
				CLANG_WARN_OBJC_ROOT_CLASS = YES_ERROR;
				CLANG_WARN_RANGE_LOOP_ANALYSIS = YES;
				CLANG_WARN_STRICT_PROTOTYPES = YES;
				CLANG_WARN_SUSPICIOUS_MOVE = YES;
				CLANG_WARN_UNGUARDED_AVAILABILITY = YES_AGGRESSIVE;
				CLANG_WARN_UNREACHABLE_CODE = YES;
				CLANG_WARN__DUPLICATE_METHOD_MATCH = YES;
				CODE_SIGN_IDENTITY = "iPhone Developer";
				COPY_PHASE_STRIP = NO;
				DEBUG_INFORMATION_FORMAT = "dwarf-with-dsym";
				ENABLE_NS_ASSERTIONS = NO;
				ENABLE_STRICT_OBJC_MSGSEND = YES;
				GCC_C_LANGUAGE_STANDARD = gnu11;
				GCC_NO_COMMON_BLOCKS = YES;
				GCC_WARN_64_TO_32_BIT_CONVERSION = YES;
				GCC_WARN_ABOUT_RETURN_TYPE = YES_ERROR;
				GCC_WARN_UNDECLARED_SELECTOR = YES;
				GCC_WARN_UNINITIALIZED_AUTOS = YES_AGGRESSIVE;
				GCC_WARN_UNUSED_FUNCTION = YES;
				GCC_WARN_UNUSED_VARIABLE = YES;
				IPHONEOS_DEPLOYMENT_TARGET = 12.1;
				MTL_ENABLE_DEBUG_INFO = NO;
				MTL_FAST_MATH = YES;
				SDKROOT = iphoneos;
				SWIFT_COMPILATION_MODE = wholemodule;
				SWIFT_OPTIMIZATION_LEVEL = "-O";
				VALIDATE_PRODUCT = YES;
			};
			name = Release;
		};
		AC38BB6F221DE4CB008E829B /* Debug */ = {
			isa = XCBuildConfiguration;
			buildSettings = {
				ASSETCATALOG_COMPILER_APPICON_NAME = AppIcon;
				CODE_SIGN_STYLE = Automatic;
				INFOPLIST_FILE = Script_odont/Info.plist;
				LD_RUNPATH_SEARCH_PATHS = (
					"$(inherited)",
					"@executable_path/Frameworks",
				);
				PRODUCT_BUNDLE_IDENTIFIER = "com.myCompany.Script-odont";
				PRODUCT_NAME = "$(TARGET_NAME)";
				SWIFT_VERSION = 4.2;
				TARGETED_DEVICE_FAMILY = "1,2";
			};
			name = Debug;
		};
		AC38BB70221DE4CB008E829B /* Release */ = {
			isa = XCBuildConfiguration;
			buildSettings = {
				ASSETCATALOG_COMPILER_APPICON_NAME = AppIcon;
				CODE_SIGN_STYLE = Automatic;
				INFOPLIST_FILE = Script_odont/Info.plist;
				LD_RUNPATH_SEARCH_PATHS = (
					"$(inherited)",
					"@executable_path/Frameworks",
				);
				PRODUCT_BUNDLE_IDENTIFIER = "com.myCompany.Script-odont";
				PRODUCT_NAME = "$(TARGET_NAME)";
				SWIFT_VERSION = 4.2;
				TARGETED_DEVICE_FAMILY = "1,2";
			};
			name = Release;
		};
/* End XCBuildConfiguration section */

/* Begin XCConfigurationList section */
		AC38BB57221DE4C9008E829B /* Build configuration list for PBXProject "Script_odont" */ = {
			isa = XCConfigurationList;
			buildConfigurations = (
				AC38BB6C221DE4CB008E829B /* Debug */,
				AC38BB6D221DE4CB008E829B /* Release */,
			);
			defaultConfigurationIsVisible = 0;
			defaultConfigurationName = Release;
		};
		AC38BB6E221DE4CB008E829B /* Build configuration list for PBXNativeTarget "Script_odont" */ = {
			isa = XCConfigurationList;
			buildConfigurations = (
				AC38BB6F221DE4CB008E829B /* Debug */,
				AC38BB70221DE4CB008E829B /* Release */,
			);
			defaultConfigurationIsVisible = 0;
			defaultConfigurationName = Release;
		};
/* End XCConfigurationList section */
	};
	rootObject = AC38BB54221DE4C9008E829B /* Project object */;
}
