// !$*UTF8*$!
{
	archiveVersion = 1;
	classes = {
	};
	objectVersion = 50;
	objects = {

/* Begin PBXBuildFile section */
		AC0D77C22225CD2B007F83D4 /* Sca.swift in Sources */ = {isa = PBXBuildFile; fileRef = AC0D77C12225CD2B007F83D4 /* Sca.swift */; };
		AC0D77C42225CD60007F83D4 /* ScaTopic.swift in Sources */ = {isa = PBXBuildFile; fileRef = AC0D77C32225CD60007F83D4 /* ScaTopic.swift */; };
		AC0D77C62225CEFD007F83D4 /* LikertScale.swift in Sources */ = {isa = PBXBuildFile; fileRef = AC0D77C52225CEFD007F83D4 /* LikertScale.swift */; };
		AC0D77C82225D240007F83D4 /* ScaHorizontalViewController.swift in Sources */ = {isa = PBXBuildFile; fileRef = AC0D77C72225D240007F83D4 /* ScaHorizontalViewController.swift */; };
		AC0D77CA2225D28B007F83D4 /* ScaQuestion.swift in Sources */ = {isa = PBXBuildFile; fileRef = AC0D77C92225D28B007F83D4 /* ScaQuestion.swift */; };
		AC0D77CC2225D42F007F83D4 /* ScaHorizontal.storyboard in Resources */ = {isa = PBXBuildFile; fileRef = AC0D77CB2225D42F007F83D4 /* ScaHorizontal.storyboard */; };
		AC0D77D02225D7AD007F83D4 /* ScaHorizontalQuestionCell.swift in Sources */ = {isa = PBXBuildFile; fileRef = AC0D77CF2225D7AD007F83D4 /* ScaHorizontalQuestionCell.swift */; };
		AC0D77D22225DD01007F83D4 /* ScaPanelAnswer.swift in Sources */ = {isa = PBXBuildFile; fileRef = AC0D77D12225DD01007F83D4 /* ScaPanelAnswer.swift */; };
		AC0D77D422281FDD007F83D4 /* ScaHorizontalScaleCell.swift in Sources */ = {isa = PBXBuildFile; fileRef = AC0D77D322281FDD007F83D4 /* ScaHorizontalScaleCell.swift */; };
		AC0D77D62228274D007F83D4 /* Appearance.swift in Sources */ = {isa = PBXBuildFile; fileRef = AC0D77D52228274D007F83D4 /* Appearance.swift */; };
		AC0D77D8222831C5007F83D4 /* ScaExam.swift in Sources */ = {isa = PBXBuildFile; fileRef = AC0D77D7222831C5007F83D4 /* ScaExam.swift */; };
		AC0D77DA22283330007F83D4 /* ScaHorizontalWordingCell.swift in Sources */ = {isa = PBXBuildFile; fileRef = AC0D77D922283330007F83D4 /* ScaHorizontalWordingCell.swift */; };
		AC0D77DC2228343C007F83D4 /* ScaSession.swift in Sources */ = {isa = PBXBuildFile; fileRef = AC0D77DB2228343C007F83D4 /* ScaSession.swift */; };
		AC0D77DE22283838007F83D4 /* ScaAnswer.swift in Sources */ = {isa = PBXBuildFile; fileRef = AC0D77DD22283838007F83D4 /* ScaAnswer.swift */; };
		AC0D77E022283FB6007F83D4 /* ScaHorizontalQuestionCellDelegate.swift in Sources */ = {isa = PBXBuildFile; fileRef = AC0D77DF22283FB6007F83D4 /* ScaHorizontalQuestionCellDelegate.swift */; };
		AC38BB60221DE4C9008E829B /* AppDelegate.swift in Sources */ = {isa = PBXBuildFile; fileRef = AC38BB5F221DE4C9008E829B /* AppDelegate.swift */; };
		AC38BB62221DE4C9008E829B /* ScaBrowsingViewController.swift in Sources */ = {isa = PBXBuildFile; fileRef = AC38BB61221DE4C9008E829B /* ScaBrowsingViewController.swift */; };
		AC38BB65221DE4C9008E829B /* Main.storyboard in Resources */ = {isa = PBXBuildFile; fileRef = AC38BB63221DE4C9008E829B /* Main.storyboard */; };
		AC38BB67221DE4CB008E829B /* Assets.xcassets in Resources */ = {isa = PBXBuildFile; fileRef = AC38BB66221DE4CB008E829B /* Assets.xcassets */; };
		AC38BB6A221DE4CB008E829B /* LaunchScreen.storyboard in Resources */ = {isa = PBXBuildFile; fileRef = AC38BB68221DE4CB008E829B /* LaunchScreen.storyboard */; };
		AC38BB73221DF03F008E829B /* Walkthrough.storyboard in Resources */ = {isa = PBXBuildFile; fileRef = AC38BB72221DF03F008E829B /* Walkthrough.storyboard */; };
		AC38BB76221DFB2F008E829B /* String+localized.swift in Sources */ = {isa = PBXBuildFile; fileRef = AC38BB75221DFB2F008E829B /* String+localized.swift */; };
		AC38BB78221DFCC4008E829B /* WalkthroughViewController.swift in Sources */ = {isa = PBXBuildFile; fileRef = AC38BB77221DFCC4008E829B /* WalkthroughViewController.swift */; };
		AC38BB7A221E89C0008E829B /* UIApplication+isFirstLaunch.swift in Sources */ = {isa = PBXBuildFile; fileRef = AC38BB79221E89C0008E829B /* UIApplication+isFirstLaunch.swift */; };
		AC38BB7C221E9C54008E829B /* WalkthroughPageViewController.swift in Sources */ = {isa = PBXBuildFile; fileRef = AC38BB7B221E9C54008E829B /* WalkthroughPageViewController.swift */; };
		AC38BB7E221E9FE1008E829B /* WalkthroughContentViewController.swift in Sources */ = {isa = PBXBuildFile; fileRef = AC38BB7D221E9FE1008E829B /* WalkthroughContentViewController.swift */; };
		AC38BB80221EA451008E829B /* WalkthroughPageViewControllerDelegate.swift in Sources */ = {isa = PBXBuildFile; fileRef = AC38BB7F221EA451008E829B /* WalkthroughPageViewControllerDelegate.swift */; };
		AC38BB83221EAA58008E829B /* Localizable.strings in Resources */ = {isa = PBXBuildFile; fileRef = AC38BB85221EAA58008E829B /* Localizable.strings */; };
		AC8F5B77222894AB00FAEFC5 /* GoToScaViewController.swift in Sources */ = {isa = PBXBuildFile; fileRef = AC8F5B76222894AB00FAEFC5 /* GoToScaViewController.swift */; };
		AC8F5B792228986000FAEFC5 /* GoToScaViewControllerDelegate.swift in Sources */ = {isa = PBXBuildFile; fileRef = AC8F5B782228986000FAEFC5 /* GoToScaViewControllerDelegate.swift */; };
		AC8F5B7B222899DA00FAEFC5 /* GoToScaCell.swift in Sources */ = {isa = PBXBuildFile; fileRef = AC8F5B7A222899DA00FAEFC5 /* GoToScaCell.swift */; };
		AC8F5B7D22289DC800FAEFC5 /* GoToScaStatusView.swift in Sources */ = {isa = PBXBuildFile; fileRef = AC8F5B7C22289DC800FAEFC5 /* GoToScaStatusView.swift */; };
		AC8F5B7F2229676100FAEFC5 /* OtherViewController.swift in Sources */ = {isa = PBXBuildFile; fileRef = AC8F5B7E2229676100FAEFC5 /* OtherViewController.swift */; };
		AC8F5B822229696000FAEFC5 /* LoginViewController.swift in Sources */ = {isa = PBXBuildFile; fileRef = AC8F5B812229696000FAEFC5 /* LoginViewController.swift */; };
		AC8F5B842229697200FAEFC5 /* Login.storyboard in Resources */ = {isa = PBXBuildFile; fileRef = AC8F5B832229697200FAEFC5 /* Login.storyboard */; };
		AC9F23DE222996C4002D38E5 /* AuthenticationManager.swift in Sources */ = {isa = PBXBuildFile; fileRef = AC9F23DD222996C4002D38E5 /* AuthenticationManager.swift */; };
		AC9F23E022299945002D38E5 /* KeychainPasswordItem.swift in Sources */ = {isa = PBXBuildFile; fileRef = AC9F23DF22299945002D38E5 /* KeychainPasswordItem.swift */; };
		AC9F23E22229D6A4002D38E5 /* ViewController.swift in Sources */ = {isa = PBXBuildFile; fileRef = AC9F23E12229D6A4002D38E5 /* ViewController.swift */; };
		AC9F23E52229D88E002D38E5 /* String+sha1.swift in Sources */ = {isa = PBXBuildFile; fileRef = AC9F23E42229D88E002D38E5 /* String+sha1.swift */; };
		AC9F23E72229D9AA002D38E5 /* String+hex.swift in Sources */ = {isa = PBXBuildFile; fileRef = AC9F23E62229D9AA002D38E5 /* String+hex.swift */; };
		ACE70F8F221EFB6C008454FF /* WalkthroughPrincipleViewController.swift in Sources */ = {isa = PBXBuildFile; fileRef = ACE70F8E221EFB6C008454FF /* WalkthroughPrincipleViewController.swift */; };
		ACE70F91221EFBA6008454FF /* UIViewController+storyboardId.swift in Sources */ = {isa = PBXBuildFile; fileRef = ACE70F90221EFBA6008454FF /* UIViewController+storyboardId.swift */; };
		ACE70F93221F214C008454FF /* WeakContainer.swift in Sources */ = {isa = PBXBuildFile; fileRef = ACE70F92221F214C008454FF /* WeakContainer.swift */; };
		ACE70F95221F2439008454FF /* WeakArray.swift in Sources */ = {isa = PBXBuildFile; fileRef = ACE70F94221F2439008454FF /* WeakArray.swift */; };
		ACE70F97221F3254008454FF /* UITableViewCell+reuseId.swift in Sources */ = {isa = PBXBuildFile; fileRef = ACE70F96221F3254008454FF /* UITableViewCell+reuseId.swift */; };
		ACE70F99221F32B9008454FF /* UITableView+register.swift in Sources */ = {isa = PBXBuildFile; fileRef = ACE70F98221F32B9008454FF /* UITableView+register.swift */; };
		ACE70F9B221F3414008454FF /* WalkthroughPrincipleCell.swift in Sources */ = {isa = PBXBuildFile; fileRef = ACE70F9A221F3414008454FF /* WalkthroughPrincipleCell.swift */; };
		ACE70F9D221F516D008454FF /* WalkthroughTypesViewController.swift in Sources */ = {isa = PBXBuildFile; fileRef = ACE70F9C221F516D008454FF /* WalkthroughTypesViewController.swift */; };
		ACE70F9F221F59F3008454FF /* WalkthroughTypesCell.swift in Sources */ = {isa = PBXBuildFile; fileRef = ACE70F9E221F59F3008454FF /* WalkthroughTypesCell.swift */; };
/* End PBXBuildFile section */

/* Begin PBXFileReference section */
		AC0D77C12225CD2B007F83D4 /* Sca.swift */ = {isa = PBXFileReference; lastKnownFileType = sourcecode.swift; path = Sca.swift; sourceTree = "<group>"; };
		AC0D77C32225CD60007F83D4 /* ScaTopic.swift */ = {isa = PBXFileReference; lastKnownFileType = sourcecode.swift; path = ScaTopic.swift; sourceTree = "<group>"; };
		AC0D77C52225CEFD007F83D4 /* LikertScale.swift */ = {isa = PBXFileReference; lastKnownFileType = sourcecode.swift; path = LikertScale.swift; sourceTree = "<group>"; };
		AC0D77C72225D240007F83D4 /* ScaHorizontalViewController.swift */ = {isa = PBXFileReference; lastKnownFileType = sourcecode.swift; path = ScaHorizontalViewController.swift; sourceTree = "<group>"; };
		AC0D77C92225D28B007F83D4 /* ScaQuestion.swift */ = {isa = PBXFileReference; lastKnownFileType = sourcecode.swift; path = ScaQuestion.swift; sourceTree = "<group>"; };
		AC0D77CB2225D42F007F83D4 /* ScaHorizontal.storyboard */ = {isa = PBXFileReference; lastKnownFileType = file.storyboard; path = ScaHorizontal.storyboard; sourceTree = "<group>"; };
		AC0D77CF2225D7AD007F83D4 /* ScaHorizontalQuestionCell.swift */ = {isa = PBXFileReference; lastKnownFileType = sourcecode.swift; path = ScaHorizontalQuestionCell.swift; sourceTree = "<group>"; };
		AC0D77D12225DD01007F83D4 /* ScaPanelAnswer.swift */ = {isa = PBXFileReference; lastKnownFileType = sourcecode.swift; path = ScaPanelAnswer.swift; sourceTree = "<group>"; };
		AC0D77D322281FDD007F83D4 /* ScaHorizontalScaleCell.swift */ = {isa = PBXFileReference; lastKnownFileType = sourcecode.swift; path = ScaHorizontalScaleCell.swift; sourceTree = "<group>"; };
		AC0D77D52228274D007F83D4 /* Appearance.swift */ = {isa = PBXFileReference; lastKnownFileType = sourcecode.swift; path = Appearance.swift; sourceTree = "<group>"; };
		AC0D77D7222831C5007F83D4 /* ScaExam.swift */ = {isa = PBXFileReference; lastKnownFileType = sourcecode.swift; path = ScaExam.swift; sourceTree = "<group>"; };
		AC0D77D922283330007F83D4 /* ScaHorizontalWordingCell.swift */ = {isa = PBXFileReference; lastKnownFileType = sourcecode.swift; path = ScaHorizontalWordingCell.swift; sourceTree = "<group>"; };
		AC0D77DB2228343C007F83D4 /* ScaSession.swift */ = {isa = PBXFileReference; lastKnownFileType = sourcecode.swift; path = ScaSession.swift; sourceTree = "<group>"; };
		AC0D77DD22283838007F83D4 /* ScaAnswer.swift */ = {isa = PBXFileReference; lastKnownFileType = sourcecode.swift; path = ScaAnswer.swift; sourceTree = "<group>"; };
		AC0D77DF22283FB6007F83D4 /* ScaHorizontalQuestionCellDelegate.swift */ = {isa = PBXFileReference; lastKnownFileType = sourcecode.swift; path = ScaHorizontalQuestionCellDelegate.swift; sourceTree = "<group>"; };
		AC38BB5C221DE4C9008E829B /* Script_odont.app */ = {isa = PBXFileReference; explicitFileType = wrapper.application; includeInIndex = 0; path = Script_odont.app; sourceTree = BUILT_PRODUCTS_DIR; };
		AC38BB5F221DE4C9008E829B /* AppDelegate.swift */ = {isa = PBXFileReference; lastKnownFileType = sourcecode.swift; path = AppDelegate.swift; sourceTree = "<group>"; };
		AC38BB61221DE4C9008E829B /* ScaBrowsingViewController.swift */ = {isa = PBXFileReference; lastKnownFileType = sourcecode.swift; path = ScaBrowsingViewController.swift; sourceTree = "<group>"; };
		AC38BB64221DE4C9008E829B /* Base */ = {isa = PBXFileReference; lastKnownFileType = file.storyboard; name = Base; path = Base.lproj/Main.storyboard; sourceTree = "<group>"; };
		AC38BB66221DE4CB008E829B /* Assets.xcassets */ = {isa = PBXFileReference; lastKnownFileType = folder.assetcatalog; path = Assets.xcassets; sourceTree = "<group>"; };
		AC38BB69221DE4CB008E829B /* Base */ = {isa = PBXFileReference; lastKnownFileType = file.storyboard; name = Base; path = Base.lproj/LaunchScreen.storyboard; sourceTree = "<group>"; };
		AC38BB6B221DE4CB008E829B /* Info.plist */ = {isa = PBXFileReference; lastKnownFileType = text.plist.xml; path = Info.plist; sourceTree = "<group>"; };
		AC38BB72221DF03F008E829B /* Walkthrough.storyboard */ = {isa = PBXFileReference; lastKnownFileType = file.storyboard; path = Walkthrough.storyboard; sourceTree = "<group>"; };
		AC38BB75221DFB2F008E829B /* String+localized.swift */ = {isa = PBXFileReference; lastKnownFileType = sourcecode.swift; path = "String+localized.swift"; sourceTree = "<group>"; };
		AC38BB77221DFCC4008E829B /* WalkthroughViewController.swift */ = {isa = PBXFileReference; lastKnownFileType = sourcecode.swift; path = WalkthroughViewController.swift; sourceTree = "<group>"; };
		AC38BB79221E89C0008E829B /* UIApplication+isFirstLaunch.swift */ = {isa = PBXFileReference; lastKnownFileType = sourcecode.swift; path = "UIApplication+isFirstLaunch.swift"; sourceTree = "<group>"; };
		AC38BB7B221E9C54008E829B /* WalkthroughPageViewController.swift */ = {isa = PBXFileReference; lastKnownFileType = sourcecode.swift; path = WalkthroughPageViewController.swift; sourceTree = "<group>"; };
		AC38BB7D221E9FE1008E829B /* WalkthroughContentViewController.swift */ = {isa = PBXFileReference; lastKnownFileType = sourcecode.swift; path = WalkthroughContentViewController.swift; sourceTree = "<group>"; };
		AC38BB7F221EA451008E829B /* WalkthroughPageViewControllerDelegate.swift */ = {isa = PBXFileReference; lastKnownFileType = sourcecode.swift; path = WalkthroughPageViewControllerDelegate.swift; sourceTree = "<group>"; };
		AC38BB84221EAA58008E829B /* en */ = {isa = PBXFileReference; lastKnownFileType = text.plist.strings; name = en; path = en.lproj/Localizable.strings; sourceTree = "<group>"; };
		AC38BB86221EAA67008E829B /* fr */ = {isa = PBXFileReference; lastKnownFileType = text.plist.strings; name = fr; path = fr.lproj/Localizable.strings; sourceTree = "<group>"; };
		AC8F5B76222894AB00FAEFC5 /* GoToScaViewController.swift */ = {isa = PBXFileReference; lastKnownFileType = sourcecode.swift; path = GoToScaViewController.swift; sourceTree = "<group>"; };
		AC8F5B782228986000FAEFC5 /* GoToScaViewControllerDelegate.swift */ = {isa = PBXFileReference; lastKnownFileType = sourcecode.swift; path = GoToScaViewControllerDelegate.swift; sourceTree = "<group>"; };
		AC8F5B7A222899DA00FAEFC5 /* GoToScaCell.swift */ = {isa = PBXFileReference; lastKnownFileType = sourcecode.swift; path = GoToScaCell.swift; sourceTree = "<group>"; };
		AC8F5B7C22289DC800FAEFC5 /* GoToScaStatusView.swift */ = {isa = PBXFileReference; lastKnownFileType = sourcecode.swift; path = GoToScaStatusView.swift; sourceTree = "<group>"; };
		AC8F5B7E2229676100FAEFC5 /* OtherViewController.swift */ = {isa = PBXFileReference; lastKnownFileType = sourcecode.swift; path = OtherViewController.swift; sourceTree = "<group>"; };
		AC8F5B812229696000FAEFC5 /* LoginViewController.swift */ = {isa = PBXFileReference; lastKnownFileType = sourcecode.swift; path = LoginViewController.swift; sourceTree = "<group>"; };
		AC8F5B832229697200FAEFC5 /* Login.storyboard */ = {isa = PBXFileReference; lastKnownFileType = file.storyboard; path = Login.storyboard; sourceTree = "<group>"; };
		AC9F23DD222996C4002D38E5 /* AuthenticationManager.swift */ = {isa = PBXFileReference; lastKnownFileType = sourcecode.swift; path = AuthenticationManager.swift; sourceTree = "<group>"; };
		AC9F23DF22299945002D38E5 /* KeychainPasswordItem.swift */ = {isa = PBXFileReference; lastKnownFileType = sourcecode.swift; path = KeychainPasswordItem.swift; sourceTree = "<group>"; };
		AC9F23E12229D6A4002D38E5 /* ViewController.swift */ = {isa = PBXFileReference; lastKnownFileType = sourcecode.swift; path = ViewController.swift; sourceTree = "<group>"; };
		AC9F23E42229D88E002D38E5 /* String+sha1.swift */ = {isa = PBXFileReference; lastKnownFileType = sourcecode.swift; path = "String+sha1.swift"; sourceTree = "<group>"; };
		AC9F23E62229D9AA002D38E5 /* String+hex.swift */ = {isa = PBXFileReference; lastKnownFileType = sourcecode.swift; path = "String+hex.swift"; sourceTree = "<group>"; };
		ACE70F8E221EFB6C008454FF /* WalkthroughPrincipleViewController.swift */ = {isa = PBXFileReference; lastKnownFileType = sourcecode.swift; path = WalkthroughPrincipleViewController.swift; sourceTree = "<group>"; };
		ACE70F90221EFBA6008454FF /* UIViewController+storyboardId.swift */ = {isa = PBXFileReference; lastKnownFileType = sourcecode.swift; path = "UIViewController+storyboardId.swift"; sourceTree = "<group>"; };
		ACE70F92221F214C008454FF /* WeakContainer.swift */ = {isa = PBXFileReference; lastKnownFileType = sourcecode.swift; path = WeakContainer.swift; sourceTree = "<group>"; };
		ACE70F94221F2439008454FF /* WeakArray.swift */ = {isa = PBXFileReference; lastKnownFileType = sourcecode.swift; path = WeakArray.swift; sourceTree = "<group>"; };
		ACE70F96221F3254008454FF /* UITableViewCell+reuseId.swift */ = {isa = PBXFileReference; lastKnownFileType = sourcecode.swift; path = "UITableViewCell+reuseId.swift"; sourceTree = "<group>"; };
		ACE70F98221F32B9008454FF /* UITableView+register.swift */ = {isa = PBXFileReference; lastKnownFileType = sourcecode.swift; path = "UITableView+register.swift"; sourceTree = "<group>"; };
		ACE70F9A221F3414008454FF /* WalkthroughPrincipleCell.swift */ = {isa = PBXFileReference; lastKnownFileType = sourcecode.swift; path = WalkthroughPrincipleCell.swift; sourceTree = "<group>"; };
		ACE70F9C221F516D008454FF /* WalkthroughTypesViewController.swift */ = {isa = PBXFileReference; lastKnownFileType = sourcecode.swift; path = WalkthroughTypesViewController.swift; sourceTree = "<group>"; };
		ACE70F9E221F59F3008454FF /* WalkthroughTypesCell.swift */ = {isa = PBXFileReference; lastKnownFileType = sourcecode.swift; path = WalkthroughTypesCell.swift; sourceTree = "<group>"; };
/* End PBXFileReference section */

/* Begin PBXFrameworksBuildPhase section */
		AC38BB59221DE4C9008E829B /* Frameworks */ = {
			isa = PBXFrameworksBuildPhase;
			buildActionMask = 2147483647;
			files = (
			);
			runOnlyForDeploymentPostprocessing = 0;
		};
/* End PBXFrameworksBuildPhase section */

/* Begin PBXGroup section */
		AC0D77BF2225CD11007F83D4 /* Core */ = {
			isa = PBXGroup;
			children = (
				AC0D77C12225CD2B007F83D4 /* Sca.swift */,
				AC0D77D7222831C5007F83D4 /* ScaExam.swift */,
				AC0D77DD22283838007F83D4 /* ScaAnswer.swift */,
				AC0D77DB2228343C007F83D4 /* ScaSession.swift */,
				AC0D77D12225DD01007F83D4 /* ScaPanelAnswer.swift */,
				AC0D77C92225D28B007F83D4 /* ScaQuestion.swift */,
				AC0D77C32225CD60007F83D4 /* ScaTopic.swift */,
				AC0D77C52225CEFD007F83D4 /* LikertScale.swift */,
			);
			name = Core;
			path = "New Group1";
			sourceTree = "<group>";
		};
		AC0D77C02225CD1A007F83D4 /* Graphics */ = {
			isa = PBXGroup;
			children = (
				AC8F5B802229694C00FAEFC5 /* Authentification */,
				AC38BB71221DF021008E829B /* Walkthrough */,
				AC0D77C72225D240007F83D4 /* ScaHorizontalViewController.swift */,
				AC0D77D922283330007F83D4 /* ScaHorizontalWordingCell.swift */,
				AC0D77CF2225D7AD007F83D4 /* ScaHorizontalQuestionCell.swift */,
				AC0D77DF22283FB6007F83D4 /* ScaHorizontalQuestionCellDelegate.swift */,
				AC0D77D322281FDD007F83D4 /* ScaHorizontalScaleCell.swift */,
				AC8F5B76222894AB00FAEFC5 /* GoToScaViewController.swift */,
				AC8F5B782228986000FAEFC5 /* GoToScaViewControllerDelegate.swift */,
				AC8F5B7A222899DA00FAEFC5 /* GoToScaCell.swift */,
				AC8F5B7C22289DC800FAEFC5 /* GoToScaStatusView.swift */,
				AC0D77CB2225D42F007F83D4 /* ScaHorizontal.storyboard */,
				AC0D77D52228274D007F83D4 /* Appearance.swift */,
			);
			name = Graphics;
			path = "New Group2";
			sourceTree = "<group>";
		};
		AC38BB53221DE4C9008E829B = {
			isa = PBXGroup;
			children = (
				AC38BB5E221DE4C9008E829B /* Script_odont */,
				AC38BB5D221DE4C9008E829B /* Products */,
			);
			sourceTree = "<group>";
		};
		AC38BB5D221DE4C9008E829B /* Products */ = {
			isa = PBXGroup;
			children = (
				AC38BB5C221DE4C9008E829B /* Script_odont.app */,
			);
			name = Products;
			sourceTree = "<group>";
		};
		AC38BB5E221DE4C9008E829B /* Script_odont */ = {
			isa = PBXGroup;
			children = (
				AC0D77BF2225CD11007F83D4 /* Core */,
				AC0D77C02225CD1A007F83D4 /* Graphics */,
				AC38BB74221DFB1E008E829B /* Utils */,
				AC38BB5F221DE4C9008E829B /* AppDelegate.swift */,
				AC9F23E12229D6A4002D38E5 /* ViewController.swift */,
				AC38BB61221DE4C9008E829B /* ScaBrowsingViewController.swift */,
				AC8F5B7E2229676100FAEFC5 /* OtherViewController.swift */,
				AC38BB63221DE4C9008E829B /* Main.storyboard */,
				AC38BB66221DE4CB008E829B /* Assets.xcassets */,
				AC38BB68221DE4CB008E829B /* LaunchScreen.storyboard */,
				AC38BB85221EAA58008E829B /* Localizable.strings */,
				AC38BB6B221DE4CB008E829B /* Info.plist */,
			);
			path = Script_odont;
			sourceTree = "<group>";
		};
		AC38BB71221DF021008E829B /* Walkthrough */ = {
			isa = PBXGroup;
			children = (
				AC38BB77221DFCC4008E829B /* WalkthroughViewController.swift */,
				AC38BB7B221E9C54008E829B /* WalkthroughPageViewController.swift */,
				AC38BB7F221EA451008E829B /* WalkthroughPageViewControllerDelegate.swift */,
				AC38BB7D221E9FE1008E829B /* WalkthroughContentViewController.swift */,
				ACE70F8E221EFB6C008454FF /* WalkthroughPrincipleViewController.swift */,
				ACE70F9A221F3414008454FF /* WalkthroughPrincipleCell.swift */,
				ACE70F9C221F516D008454FF /* WalkthroughTypesViewController.swift */,
				ACE70F9E221F59F3008454FF /* WalkthroughTypesCell.swift */,
				AC38BB72221DF03F008E829B /* Walkthrough.storyboard */,
			);
			path = Walkthrough;
			sourceTree = "<group>";
		};
		AC38BB74221DFB1E008E829B /* Utils */ = {
			isa = PBXGroup;
			children = (
				AC9F23E32229D882002D38E5 /* Hash */,
				ACE70F92221F214C008454FF /* WeakContainer.swift */,
				ACE70F94221F2439008454FF /* WeakArray.swift */,
				AC38BB75221DFB2F008E829B /* String+localized.swift */,
				AC38BB79221E89C0008E829B /* UIApplication+isFirstLaunch.swift */,
				ACE70F90221EFBA6008454FF /* UIViewController+storyboardId.swift */,
				ACE70F96221F3254008454FF /* UITableViewCell+reuseId.swift */,
				ACE70F98221F32B9008454FF /* UITableView+register.swift */,
			);
			path = Utils;
			sourceTree = "<group>";
		};
		AC8F5B802229694C00FAEFC5 /* Authentification */ = {
			isa = PBXGroup;
			children = (
				AC8F5B812229696000FAEFC5 /* LoginViewController.swift */,
				AC8F5B832229697200FAEFC5 /* Login.storyboard */,
				AC9F23DD222996C4002D38E5 /* AuthenticationManager.swift */,
				AC9F23DF22299945002D38E5 /* KeychainPasswordItem.swift */,
			);
			path = Authentification;
			sourceTree = "<group>";
		};
		AC9F23E32229D882002D38E5 /* Hash */ = {
			isa = PBXGroup;
			children = (
				AC9F23E62229D9AA002D38E5 /* String+hex.swift */,
				AC9F23E42229D88E002D38E5 /* String+sha1.swift */,
			);
			path = Hash;
			sourceTree = "<group>";
		};
/* End PBXGroup section */

/* Begin PBXNativeTarget section */
		AC38BB5B221DE4C9008E829B /* Script_odont */ = {
			isa = PBXNativeTarget;
			buildConfigurationList = AC38BB6E221DE4CB008E829B /* Build configuration list for PBXNativeTarget "Script_odont" */;
			buildPhases = (
				AC38BB58221DE4C9008E829B /* Sources */,
				AC38BB59221DE4C9008E829B /* Frameworks */,
				AC38BB5A221DE4C9008E829B /* Resources */,
			);
			buildRules = (
			);
			dependencies = (
			);
			name = Script_odont;
			productName = Script_odont;
			productReference = AC38BB5C221DE4C9008E829B /* Script_odont.app */;
			productType = "com.apple.product-type.application";
		};
/* End PBXNativeTarget section */

/* Begin PBXProject section */
		AC38BB54221DE4C9008E829B /* Project object */ = {
			isa = PBXProject;
			attributes = {
				LastSwiftUpdateCheck = 1010;
				LastUpgradeCheck = 1010;
				ORGANIZATIONNAME = "Régis Iozzino";
				TargetAttributes = {
					AC38BB5B221DE4C9008E829B = {
						CreatedOnToolsVersion = 10.1;
					};
				};
			};
			buildConfigurationList = AC38BB57221DE4C9008E829B /* Build configuration list for PBXProject "Script_odont" */;
			compatibilityVersion = "Xcode 9.3";
			developmentRegion = en;
			hasScannedForEncodings = 0;
			knownRegions = (
				en,
				Base,
				fr,
			);
			mainGroup = AC38BB53221DE4C9008E829B;
			productRefGroup = AC38BB5D221DE4C9008E829B /* Products */;
			projectDirPath = "";
			projectRoot = "";
			targets = (
				AC38BB5B221DE4C9008E829B /* Script_odont */,
			);
		};
/* End PBXProject section */

/* Begin PBXResourcesBuildPhase section */
		AC38BB5A221DE4C9008E829B /* Resources */ = {
			isa = PBXResourcesBuildPhase;
			buildActionMask = 2147483647;
			files = (
				AC38BB6A221DE4CB008E829B /* LaunchScreen.storyboard in Resources */,
				AC38BB73221DF03F008E829B /* Walkthrough.storyboard in Resources */,
				AC8F5B842229697200FAEFC5 /* Login.storyboard in Resources */,
				AC38BB83221EAA58008E829B /* Localizable.strings in Resources */,
				AC38BB67221DE4CB008E829B /* Assets.xcassets in Resources */,
				AC0D77CC2225D42F007F83D4 /* ScaHorizontal.storyboard in Resources */,
				AC38BB65221DE4C9008E829B /* Main.storyboard in Resources */,
			);
			runOnlyForDeploymentPostprocessing = 0;
		};
/* End PBXResourcesBuildPhase section */

/* Begin PBXSourcesBuildPhase section */
		AC38BB58221DE4C9008E829B /* Sources */ = {
			isa = PBXSourcesBuildPhase;
			buildActionMask = 2147483647;
			files = (
				ACE70F9D221F516D008454FF /* WalkthroughTypesViewController.swift in Sources */,
				AC9F23E52229D88E002D38E5 /* String+sha1.swift in Sources */,
				AC8F5B7F2229676100FAEFC5 /* OtherViewController.swift in Sources */,
				AC38BB7C221E9C54008E829B /* WalkthroughPageViewController.swift in Sources */,
				ACE70F95221F2439008454FF /* WeakArray.swift in Sources */,
				AC0D77D02225D7AD007F83D4 /* ScaHorizontalQuestionCell.swift in Sources */,
				ACE70F9B221F3414008454FF /* WalkthroughPrincipleCell.swift in Sources */,
				AC38BB62221DE4C9008E829B /* ScaBrowsingViewController.swift in Sources */,
				AC0D77DC2228343C007F83D4 /* ScaSession.swift in Sources */,
				ACE70F99221F32B9008454FF /* UITableView+register.swift in Sources */,
				AC0D77D8222831C5007F83D4 /* ScaExam.swift in Sources */,
				AC0D77E022283FB6007F83D4 /* ScaHorizontalQuestionCellDelegate.swift in Sources */,
				AC0D77D422281FDD007F83D4 /* ScaHorizontalScaleCell.swift in Sources */,
				AC38BB78221DFCC4008E829B /* WalkthroughViewController.swift in Sources */,
				AC0D77CA2225D28B007F83D4 /* ScaQuestion.swift in Sources */,
				AC38BB76221DFB2F008E829B /* String+localized.swift in Sources */,
				AC0D77D22225DD01007F83D4 /* ScaPanelAnswer.swift in Sources */,
				ACE70F97221F3254008454FF /* UITableViewCell+reuseId.swift in Sources */,
				AC8F5B7D22289DC800FAEFC5 /* GoToScaStatusView.swift in Sources */,
				AC38BB7A221E89C0008E829B /* UIApplication+isFirstLaunch.swift in Sources */,
				ACE70F93221F214C008454FF /* WeakContainer.swift in Sources */,
				AC0D77C82225D240007F83D4 /* ScaHorizontalViewController.swift in Sources */,
				ACE70F8F221EFB6C008454FF /* WalkthroughPrincipleViewController.swift in Sources */,
				AC8F5B7B222899DA00FAEFC5 /* GoToScaCell.swift in Sources */,
				AC9F23E72229D9AA002D38E5 /* String+hex.swift in Sources */,
				AC0D77D62228274D007F83D4 /* Appearance.swift in Sources */,
				AC8F5B822229696000FAEFC5 /* LoginViewController.swift in Sources */,
				ACE70F9F221F59F3008454FF /* WalkthroughTypesCell.swift in Sources */,
				AC38BB80221EA451008E829B /* WalkthroughPageViewControllerDelegate.swift in Sources */,
				ACE70F91221EFBA6008454FF /* UIViewController+storyboardId.swift in Sources */,
				AC8F5B792228986000FAEFC5 /* GoToScaViewControllerDelegate.swift in Sources */,
				AC8F5B77222894AB00FAEFC5 /* GoToScaViewController.swift in Sources */,
				AC9F23E22229D6A4002D38E5 /* ViewController.swift in Sources */,
				AC0D77C62225CEFD007F83D4 /* LikertScale.swift in Sources */,
				AC0D77C22225CD2B007F83D4 /* Sca.swift in Sources */,
				AC9F23DE222996C4002D38E5 /* AuthenticationManager.swift in Sources */,
				AC0D77DA22283330007F83D4 /* ScaHorizontalWordingCell.swift in Sources */,
				AC0D77C42225CD60007F83D4 /* ScaTopic.swift in Sources */,
				AC38BB7E221E9FE1008E829B /* WalkthroughContentViewController.swift in Sources */,
				AC38BB60221DE4C9008E829B /* AppDelegate.swift in Sources */,
				AC0D77DE22283838007F83D4 /* ScaAnswer.swift in Sources */,
				AC9F23E022299945002D38E5 /* KeychainPasswordItem.swift in Sources */,
			);
			runOnlyForDeploymentPostprocessing = 0;
		};
/* End PBXSourcesBuildPhase section */

/* Begin PBXVariantGroup section */
		AC38BB63221DE4C9008E829B /* Main.storyboard */ = {
			isa = PBXVariantGroup;
			children = (
				AC38BB64221DE4C9008E829B /* Base */,
			);
			name = Main.storyboard;
			sourceTree = "<group>";
		};
		AC38BB68221DE4CB008E829B /* LaunchScreen.storyboard */ = {
			isa = PBXVariantGroup;
			children = (
				AC38BB69221DE4CB008E829B /* Base */,
			);
			name = LaunchScreen.storyboard;
			sourceTree = "<group>";
		};
		AC38BB85221EAA58008E829B /* Localizable.strings */ = {
			isa = PBXVariantGroup;
			children = (
				AC38BB84221EAA58008E829B /* en */,
				AC38BB86221EAA67008E829B /* fr */,
			);
			name = Localizable.strings;
			sourceTree = "<group>";
		};
/* End PBXVariantGroup section */

/* Begin XCBuildConfiguration section */
		AC38BB6C221DE4CB008E829B /* Debug */ = {
			isa = XCBuildConfiguration;
			buildSettings = {
				ALWAYS_SEARCH_USER_PATHS = NO;
				CLANG_ANALYZER_LOCALIZABILITY_NONLOCALIZED = YES;
				CLANG_ANALYZER_NONNULL = YES;
				CLANG_ANALYZER_NUMBER_OBJECT_CONVERSION = YES_AGGRESSIVE;
				CLANG_CXX_LANGUAGE_STANDARD = "gnu++14";
				CLANG_CXX_LIBRARY = "libc++";
				CLANG_ENABLE_MODULES = YES;
				CLANG_ENABLE_OBJC_ARC = YES;
				CLANG_ENABLE_OBJC_WEAK = YES;
				CLANG_WARN_BLOCK_CAPTURE_AUTORELEASING = YES;
				CLANG_WARN_BOOL_CONVERSION = YES;
				CLANG_WARN_COMMA = YES;
				CLANG_WARN_CONSTANT_CONVERSION = YES;
				CLANG_WARN_DEPRECATED_OBJC_IMPLEMENTATIONS = YES;
				CLANG_WARN_DIRECT_OBJC_ISA_USAGE = YES_ERROR;
				CLANG_WARN_DOCUMENTATION_COMMENTS = YES;
				CLANG_WARN_EMPTY_BODY = YES;
				CLANG_WARN_ENUM_CONVERSION = YES;
				CLANG_WARN_INFINITE_RECURSION = YES;
				CLANG_WARN_INT_CONVERSION = YES;
				CLANG_WARN_NON_LITERAL_NULL_CONVERSION = YES;
				CLANG_WARN_OBJC_IMPLICIT_RETAIN_SELF = YES;
				CLANG_WARN_OBJC_LITERAL_CONVERSION = YES;
				CLANG_WARN_OBJC_ROOT_CLASS = YES_ERROR;
				CLANG_WARN_RANGE_LOOP_ANALYSIS = YES;
				CLANG_WARN_STRICT_PROTOTYPES = YES;
				CLANG_WARN_SUSPICIOUS_MOVE = YES;
				CLANG_WARN_UNGUARDED_AVAILABILITY = YES_AGGRESSIVE;
				CLANG_WARN_UNREACHABLE_CODE = YES;
				CLANG_WARN__DUPLICATE_METHOD_MATCH = YES;
				CODE_SIGN_IDENTITY = "iPhone Developer";
				COPY_PHASE_STRIP = NO;
				DEBUG_INFORMATION_FORMAT = dwarf;
				ENABLE_STRICT_OBJC_MSGSEND = YES;
				ENABLE_TESTABILITY = YES;
				GCC_C_LANGUAGE_STANDARD = gnu11;
				GCC_DYNAMIC_NO_PIC = NO;
				GCC_NO_COMMON_BLOCKS = YES;
				GCC_OPTIMIZATION_LEVEL = 0;
				GCC_PREPROCESSOR_DEFINITIONS = (
					"DEBUG=1",
					"$(inherited)",
				);
				GCC_WARN_64_TO_32_BIT_CONVERSION = YES;
				GCC_WARN_ABOUT_RETURN_TYPE = YES_ERROR;
				GCC_WARN_UNDECLARED_SELECTOR = YES;
				GCC_WARN_UNINITIALIZED_AUTOS = YES_AGGRESSIVE;
				GCC_WARN_UNUSED_FUNCTION = YES;
				GCC_WARN_UNUSED_VARIABLE = YES;
				IPHONEOS_DEPLOYMENT_TARGET = 12.1;
				MTL_ENABLE_DEBUG_INFO = INCLUDE_SOURCE;
				MTL_FAST_MATH = YES;
				ONLY_ACTIVE_ARCH = YES;
				SDKROOT = iphoneos;
				SWIFT_ACTIVE_COMPILATION_CONDITIONS = DEBUG;
				SWIFT_OPTIMIZATION_LEVEL = "-Onone";
			};
			name = Debug;
		};
		AC38BB6D221DE4CB008E829B /* Release */ = {
			isa = XCBuildConfiguration;
			buildSettings = {
				ALWAYS_SEARCH_USER_PATHS = NO;
				CLANG_ANALYZER_LOCALIZABILITY_NONLOCALIZED = YES;
				CLANG_ANALYZER_NONNULL = YES;
				CLANG_ANALYZER_NUMBER_OBJECT_CONVERSION = YES_AGGRESSIVE;
				CLANG_CXX_LANGUAGE_STANDARD = "gnu++14";
				CLANG_CXX_LIBRARY = "libc++";
				CLANG_ENABLE_MODULES = YES;
				CLANG_ENABLE_OBJC_ARC = YES;
				CLANG_ENABLE_OBJC_WEAK = YES;
				CLANG_WARN_BLOCK_CAPTURE_AUTORELEASING = YES;
				CLANG_WARN_BOOL_CONVERSION = YES;
				CLANG_WARN_COMMA = YES;
				CLANG_WARN_CONSTANT_CONVERSION = YES;
				CLANG_WARN_DEPRECATED_OBJC_IMPLEMENTATIONS = YES;
				CLANG_WARN_DIRECT_OBJC_ISA_USAGE = YES_ERROR;
				CLANG_WARN_DOCUMENTATION_COMMENTS = YES;
				CLANG_WARN_EMPTY_BODY = YES;
				CLANG_WARN_ENUM_CONVERSION = YES;
				CLANG_WARN_INFINITE_RECURSION = YES;
				CLANG_WARN_INT_CONVERSION = YES;
				CLANG_WARN_NON_LITERAL_NULL_CONVERSION = YES;
				CLANG_WARN_OBJC_IMPLICIT_RETAIN_SELF = YES;
				CLANG_WARN_OBJC_LITERAL_CONVERSION = YES;
				CLANG_WARN_OBJC_ROOT_CLASS = YES_ERROR;
				CLANG_WARN_RANGE_LOOP_ANALYSIS = YES;
				CLANG_WARN_STRICT_PROTOTYPES = YES;
				CLANG_WARN_SUSPICIOUS_MOVE = YES;
				CLANG_WARN_UNGUARDED_AVAILABILITY = YES_AGGRESSIVE;
				CLANG_WARN_UNREACHABLE_CODE = YES;
				CLANG_WARN__DUPLICATE_METHOD_MATCH = YES;
				CODE_SIGN_IDENTITY = "iPhone Developer";
				COPY_PHASE_STRIP = NO;
				DEBUG_INFORMATION_FORMAT = "dwarf-with-dsym";
				ENABLE_NS_ASSERTIONS = NO;
				ENABLE_STRICT_OBJC_MSGSEND = YES;
				GCC_C_LANGUAGE_STANDARD = gnu11;
				GCC_NO_COMMON_BLOCKS = YES;
				GCC_WARN_64_TO_32_BIT_CONVERSION = YES;
				GCC_WARN_ABOUT_RETURN_TYPE = YES_ERROR;
				GCC_WARN_UNDECLARED_SELECTOR = YES;
				GCC_WARN_UNINITIALIZED_AUTOS = YES_AGGRESSIVE;
				GCC_WARN_UNUSED_FUNCTION = YES;
				GCC_WARN_UNUSED_VARIABLE = YES;
				IPHONEOS_DEPLOYMENT_TARGET = 12.1;
				MTL_ENABLE_DEBUG_INFO = NO;
				MTL_FAST_MATH = YES;
				SDKROOT = iphoneos;
				SWIFT_COMPILATION_MODE = wholemodule;
				SWIFT_OPTIMIZATION_LEVEL = "-O";
				VALIDATE_PRODUCT = YES;
			};
			name = Release;
		};
		AC38BB6F221DE4CB008E829B /* Debug */ = {
			isa = XCBuildConfiguration;
			buildSettings = {
				ASSETCATALOG_COMPILER_APPICON_NAME = AppIcon;
				CODE_SIGN_STYLE = Automatic;
				INFOPLIST_FILE = Script_odont/Info.plist;
				LD_RUNPATH_SEARCH_PATHS = (
					"$(inherited)",
					"@executable_path/Frameworks",
				);
				PRODUCT_BUNDLE_IDENTIFIER = "com.myCompany.Script-odont";
				PRODUCT_NAME = "$(TARGET_NAME)";
				SWIFT_VERSION = 4.2;
				TARGETED_DEVICE_FAMILY = "1,2";
			};
			name = Debug;
		};
		AC38BB70221DE4CB008E829B /* Release */ = {
			isa = XCBuildConfiguration;
			buildSettings = {
				ASSETCATALOG_COMPILER_APPICON_NAME = AppIcon;
				CODE_SIGN_STYLE = Automatic;
				INFOPLIST_FILE = Script_odont/Info.plist;
				LD_RUNPATH_SEARCH_PATHS = (
					"$(inherited)",
					"@executable_path/Frameworks",
				);
				PRODUCT_BUNDLE_IDENTIFIER = "com.myCompany.Script-odont";
				PRODUCT_NAME = "$(TARGET_NAME)";
				SWIFT_VERSION = 4.2;
				TARGETED_DEVICE_FAMILY = "1,2";
			};
			name = Release;
		};
/* End XCBuildConfiguration section */

/* Begin XCConfigurationList section */
		AC38BB57221DE4C9008E829B /* Build configuration list for PBXProject "Script_odont" */ = {
			isa = XCConfigurationList;
			buildConfigurations = (
				AC38BB6C221DE4CB008E829B /* Debug */,
				AC38BB6D221DE4CB008E829B /* Release */,
			);
			defaultConfigurationIsVisible = 0;
			defaultConfigurationName = Release;
		};
		AC38BB6E221DE4CB008E829B /* Build configuration list for PBXNativeTarget "Script_odont" */ = {
			isa = XCConfigurationList;
			buildConfigurations = (
				AC38BB6F221DE4CB008E829B /* Debug */,
				AC38BB70221DE4CB008E829B /* Release */,
			);
			defaultConfigurationIsVisible = 0;
			defaultConfigurationName = Release;
		};
/* End XCConfigurationList section */
	};
	rootObject = AC38BB54221DE4C9008E829B /* Project object */;
}
